// !$*UTF8*$!
{
	archiveVersion = 1;
	classes = {
	};
	objectVersion = 51;
	objects = {

/* Begin PBXBuildFile section */
		400977AE262D1B42003E84A9 /* FMDatabaseQueue.m in Sources */ = {isa = PBXBuildFile; fileRef = 400977A4262D1B42003E84A9 /* FMDatabaseQueue.m */; };
		400977AF262D1B42003E84A9 /* FMDatabaseAdditions.m in Sources */ = {isa = PBXBuildFile; fileRef = 400977A7262D1B42003E84A9 /* FMDatabaseAdditions.m */; };
		400977B0262D1B42003E84A9 /* FMDatabase.m in Sources */ = {isa = PBXBuildFile; fileRef = 400977A8262D1B42003E84A9 /* FMDatabase.m */; };
		400977B1262D1B42003E84A9 /* FMDatabasePool.m in Sources */ = {isa = PBXBuildFile; fileRef = 400977AC262D1B42003E84A9 /* FMDatabasePool.m */; };
		400977B2262D1B42003E84A9 /* FMResultSet.m in Sources */ = {isa = PBXBuildFile; fileRef = 400977AD262D1B42003E84A9 /* FMResultSet.m */; };
		400977D8262D1FA0003E84A9 /* PetTableViewCell.swift in Sources */ = {isa = PBXBuildFile; fileRef = 400977D7262D1FA0003E84A9 /* PetTableViewCell.swift */; };
		400977DE262D1FCB003E84A9 /* HealthTableViewCell.swift in Sources */ = {isa = PBXBuildFile; fileRef = 400977DC262D1FCA003E84A9 /* HealthTableViewCell.swift */; };
		400977DF262D1FCB003E84A9 /* HealthPost.swift in Sources */ = {isa = PBXBuildFile; fileRef = 400977DD262D1FCB003E84A9 /* HealthPost.swift */; };
		400977E7262D2057003E84A9 /* VideoViewController.swift in Sources */ = {isa = PBXBuildFile; fileRef = 400977E6262D2057003E84A9 /* VideoViewController.swift */; };
		400977EE262D208B003E84A9 /* VideoPostTableViewCell.swift in Sources */ = {isa = PBXBuildFile; fileRef = 400977EC262D208B003E84A9 /* VideoPostTableViewCell.swift */; };
		400977EF262D208B003E84A9 /* VideoPost.swift in Sources */ = {isa = PBXBuildFile; fileRef = 400977ED262D208B003E84A9 /* VideoPost.swift */; };
		408919E0261B8C4500E0988A /* ProdDetailsViewController.swift in Sources */ = {isa = PBXBuildFile; fileRef = 408919DF261B8C4500E0988A /* ProdDetailsViewController.swift */; };
		40997E41260E45CB0046D0B8 /* GoogleService-Info.plist in Resources */ = {isa = PBXBuildFile; fileRef = 40997E40260E45CA0046D0B8 /* GoogleService-Info.plist */; };
		40997E47260E5E760046D0B8 /* LoginViewController.swift in Sources */ = {isa = PBXBuildFile; fileRef = 40997E46260E5E760046D0B8 /* LoginViewController.swift */; };
		40997E4F260E65FE0046D0B8 /* RegistrationViewController.swift in Sources */ = {isa = PBXBuildFile; fileRef = 40997E4E260E65FE0046D0B8 /* RegistrationViewController.swift */; };
		40997E55260E67C90046D0B8 /* Extensions.swift in Sources */ = {isa = PBXBuildFile; fileRef = 40997E54260E67C90046D0B8 /* Extensions.swift */; };
		40997E5A260E68180046D0B8 /* AuthManager.swift in Sources */ = {isa = PBXBuildFile; fileRef = 40997E59260E68180046D0B8 /* AuthManager.swift */; };
		40997E5F260E68630046D0B8 /* DatabaseManager.swift in Sources */ = {isa = PBXBuildFile; fileRef = 40997E5E260E68630046D0B8 /* DatabaseManager.swift */; };
		40997E67260E80C20046D0B8 /* HomeTableViewCell.swift in Sources */ = {isa = PBXBuildFile; fileRef = 40997E66260E80C20046D0B8 /* HomeTableViewCell.swift */; };
		40A0217726092CB4007F287B /* SettingsViewController.swift in Sources */ = {isa = PBXBuildFile; fileRef = 40A0217626092CB4007F287B /* SettingsViewController.swift */; };
		40A0217D2609300B007F287B /* SwitchTableViewCell.swift in Sources */ = {isa = PBXBuildFile; fileRef = 40A0217C2609300B007F287B /* SwitchTableViewCell.swift */; };
		40A021822609306B007F287B /* SettingTableViewCell.swift in Sources */ = {isa = PBXBuildFile; fileRef = 40A021812609306B007F287B /* SettingTableViewCell.swift */; };
		40A0218D26094115007F287B /* SubscriptionTableViewCell.swift in Sources */ = {isa = PBXBuildFile; fileRef = 40A0218C26094115007F287B /* SubscriptionTableViewCell.swift */; };
		40A0219526097D4C007F287B /* SubscriptionViewController.swift in Sources */ = {isa = PBXBuildFile; fileRef = 40A0219426097D4C007F287B /* SubscriptionViewController.swift */; };
		40A0219D260990E3007F287B /* Cell.swift in Sources */ = {isa = PBXBuildFile; fileRef = 40A0219C260990E3007F287B /* Cell.swift */; };
		40A0FEBB2604F240005819E0 /* AppDelegate.swift in Sources */ = {isa = PBXBuildFile; fileRef = 40A0FEBA2604F240005819E0 /* AppDelegate.swift */; };
		40A0FEBD2604F240005819E0 /* SceneDelegate.swift in Sources */ = {isa = PBXBuildFile; fileRef = 40A0FEBC2604F240005819E0 /* SceneDelegate.swift */; };
		40A0FEBF2604F240005819E0 /* ViewController.swift in Sources */ = {isa = PBXBuildFile; fileRef = 40A0FEBE2604F240005819E0 /* ViewController.swift */; };
		40A0FEC22604F240005819E0 /* Main.storyboard in Resources */ = {isa = PBXBuildFile; fileRef = 40A0FEC02604F240005819E0 /* Main.storyboard */; };
		40A0FEC42604F244005819E0 /* Assets.xcassets in Resources */ = {isa = PBXBuildFile; fileRef = 40A0FEC32604F244005819E0 /* Assets.xcassets */; };
		40A0FEC72604F244005819E0 /* LaunchScreen.storyboard in Resources */ = {isa = PBXBuildFile; fileRef = 40A0FEC52604F244005819E0 /* LaunchScreen.storyboard */; };
		40A0FED22604F244005819E0 /* PetsNPalsTests.swift in Sources */ = {isa = PBXBuildFile; fileRef = 40A0FED12604F244005819E0 /* PetsNPalsTests.swift */; };
		40A0FEDD2604F244005819E0 /* PetsNPalsUITests.swift in Sources */ = {isa = PBXBuildFile; fileRef = 40A0FEDC2604F244005819E0 /* PetsNPalsUITests.swift */; };
		40A0FEFB260595A3005819E0 /* HealthViewController.swift in Sources */ = {isa = PBXBuildFile; fileRef = 40A0FEFA260595A3005819E0 /* HealthViewController.swift */; };
		40A0FF362606F945005819E0 /* ManagePetController.swift in Sources */ = {isa = PBXBuildFile; fileRef = 40A0FF352606F945005819E0 /* ManagePetController.swift */; };
		40A0FF3B260820CC005819E0 /* AddPetViewController.swift in Sources */ = {isa = PBXBuildFile; fileRef = 40A0FF3A260820CB005819E0 /* AddPetViewController.swift */; };
		40AA36DC26122F9B0015BAEC /* SideMenu.swift in Sources */ = {isa = PBXBuildFile; fileRef = 40AA36DB26122F9B0015BAEC /* SideMenu.swift */; };
		40AA36E126123C1D0015BAEC /* ShopViewController.swift in Sources */ = {isa = PBXBuildFile; fileRef = 40AA36E026123C1D0015BAEC /* ShopViewController.swift */; };
		40AA36E626124F3D0015BAEC /* ProfileViewController.swift in Sources */ = {isa = PBXBuildFile; fileRef = 40AA36E526124F3D0015BAEC /* ProfileViewController.swift */; };
		40AE4AF6261279100052DD6D /* AboutViewController.swift in Sources */ = {isa = PBXBuildFile; fileRef = 40AE4AF5261279100052DD6D /* AboutViewController.swift */; };
		40AF501D260AA8160062B706 /* DBHelper.swift in Sources */ = {isa = PBXBuildFile; fileRef = 40AF501C260AA8150062B706 /* DBHelper.swift */; };
		40BF30B02624F90500A5314D /* Util.swift in Sources */ = {isa = PBXBuildFile; fileRef = 40BF30AF2624F90500A5314D /* Util.swift */; };
		40BF30B52624F91100A5314D /* ModelManager.swift in Sources */ = {isa = PBXBuildFile; fileRef = 40BF30B42624F91100A5314D /* ModelManager.swift */; };
		40BF30BD2624F92800A5314D /* DogModel.swift in Sources */ = {isa = PBXBuildFile; fileRef = 40BF30BC2624F92700A5314D /* DogModel.swift */; };
		40BF30C22624F93000A5314D /* ProductModel.swift in Sources */ = {isa = PBXBuildFile; fileRef = 40BF30C12624F93000A5314D /* ProductModel.swift */; };
		40BF30C72624F96100A5314D /* PetsNPalsDB.db in Resources */ = {isa = PBXBuildFile; fileRef = 40BF30C62624F96100A5314D /* PetsNPalsDB.db */; };
		40BF30CD2624FA0F00A5314D /* ProductTableViewCell.swift in Sources */ = {isa = PBXBuildFile; fileRef = 40BF30CC2624FA0F00A5314D /* ProductTableViewCell.swift */; };
		40ECFF3B263B2352008F97E9 /* UserModel.swift in Sources */ = {isa = PBXBuildFile; fileRef = 40ECFF3A263B2351008F97E9 /* UserModel.swift */; };
		6B20F4D41998F869F14015C6 /* Pods_PetsNPalsTests.framework in Frameworks */ = {isa = PBXBuildFile; fileRef = 720C13293D7D69A160AD34F3 /* Pods_PetsNPalsTests.framework */; };
		8A526FDB993C91988694E118 /* Pods_PetsNPals_PetsNPalsUITests.framework in Frameworks */ = {isa = PBXBuildFile; fileRef = 032682ADB53308ACEB4B05D9 /* Pods_PetsNPals_PetsNPalsUITests.framework */; };
		F0503439FBE26C602CADA90D /* Pods_PetsNPals.framework in Frameworks */ = {isa = PBXBuildFile; fileRef = 3C5493A61D5B17F30D7052A4 /* Pods_PetsNPals.framework */; };
/* End PBXBuildFile section */

/* Begin PBXContainerItemProxy section */
		40A0FECE2604F244005819E0 /* PBXContainerItemProxy */ = {
			isa = PBXContainerItemProxy;
			containerPortal = 40A0FEAF2604F23F005819E0 /* Project object */;
			proxyType = 1;
			remoteGlobalIDString = 40A0FEB62604F240005819E0;
			remoteInfo = PetsNPals;
		};
		40A0FED92604F244005819E0 /* PBXContainerItemProxy */ = {
			isa = PBXContainerItemProxy;
			containerPortal = 40A0FEAF2604F23F005819E0 /* Project object */;
			proxyType = 1;
			remoteGlobalIDString = 40A0FEB62604F240005819E0;
			remoteInfo = PetsNPals;
		};
/* End PBXContainerItemProxy section */

/* Begin PBXFileReference section */
		032682ADB53308ACEB4B05D9 /* Pods_PetsNPals_PetsNPalsUITests.framework */ = {isa = PBXFileReference; explicitFileType = wrapper.framework; includeInIndex = 0; path = Pods_PetsNPals_PetsNPalsUITests.framework; sourceTree = BUILT_PRODUCTS_DIR; };
		04EF65B3A4E5EBC7922250C7 /* Pods-PetsNPals.debug.xcconfig */ = {isa = PBXFileReference; includeInIndex = 1; lastKnownFileType = text.xcconfig; name = "Pods-PetsNPals.debug.xcconfig"; path = "Target Support Files/Pods-PetsNPals/Pods-PetsNPals.debug.xcconfig"; sourceTree = "<group>"; };
		0A135C761B9A89AB00590126 /* Pods-PetsNPalsTests.debug.xcconfig */ = {isa = PBXFileReference; includeInIndex = 1; lastKnownFileType = text.xcconfig; name = "Pods-PetsNPalsTests.debug.xcconfig"; path = "Target Support Files/Pods-PetsNPalsTests/Pods-PetsNPalsTests.debug.xcconfig"; sourceTree = "<group>"; };
		3C5493A61D5B17F30D7052A4 /* Pods_PetsNPals.framework */ = {isa = PBXFileReference; explicitFileType = wrapper.framework; includeInIndex = 0; path = Pods_PetsNPals.framework; sourceTree = BUILT_PRODUCTS_DIR; };
		400977A2262D1B42003E84A9 /* PetsNPals-Bridging-Header.h */ = {isa = PBXFileReference; fileEncoding = 4; lastKnownFileType = sourcecode.c.h; path = "PetsNPals-Bridging-Header.h"; sourceTree = "<group>"; };
		400977A3262D1B42003E84A9 /* FMDatabase.h */ = {isa = PBXFileReference; fileEncoding = 4; lastKnownFileType = sourcecode.c.h; path = FMDatabase.h; sourceTree = "<group>"; };
		400977A4262D1B42003E84A9 /* FMDatabaseQueue.m */ = {isa = PBXFileReference; fileEncoding = 4; lastKnownFileType = sourcecode.c.objc; path = FMDatabaseQueue.m; sourceTree = "<group>"; };
		400977A5262D1B42003E84A9 /* FMResultSet.h */ = {isa = PBXFileReference; fileEncoding = 4; lastKnownFileType = sourcecode.c.h; path = FMResultSet.h; sourceTree = "<group>"; };
		400977A6262D1B42003E84A9 /* FMDatabasePool.h */ = {isa = PBXFileReference; fileEncoding = 4; lastKnownFileType = sourcecode.c.h; path = FMDatabasePool.h; sourceTree = "<group>"; };
		400977A7262D1B42003E84A9 /* FMDatabaseAdditions.m */ = {isa = PBXFileReference; fileEncoding = 4; lastKnownFileType = sourcecode.c.objc; path = FMDatabaseAdditions.m; sourceTree = "<group>"; };
		400977A8262D1B42003E84A9 /* FMDatabase.m */ = {isa = PBXFileReference; fileEncoding = 4; lastKnownFileType = sourcecode.c.objc; path = FMDatabase.m; sourceTree = "<group>"; };
		400977A9262D1B42003E84A9 /* FMDatabaseQueue.h */ = {isa = PBXFileReference; fileEncoding = 4; lastKnownFileType = sourcecode.c.h; path = FMDatabaseQueue.h; sourceTree = "<group>"; };
		400977AA262D1B42003E84A9 /* FMDB.h */ = {isa = PBXFileReference; fileEncoding = 4; lastKnownFileType = sourcecode.c.h; path = FMDB.h; sourceTree = "<group>"; };
		400977AB262D1B42003E84A9 /* FMDatabaseAdditions.h */ = {isa = PBXFileReference; fileEncoding = 4; lastKnownFileType = sourcecode.c.h; path = FMDatabaseAdditions.h; sourceTree = "<group>"; };
		400977AC262D1B42003E84A9 /* FMDatabasePool.m */ = {isa = PBXFileReference; fileEncoding = 4; lastKnownFileType = sourcecode.c.objc; path = FMDatabasePool.m; sourceTree = "<group>"; };
		400977AD262D1B42003E84A9 /* FMResultSet.m */ = {isa = PBXFileReference; fileEncoding = 4; lastKnownFileType = sourcecode.c.objc; path = FMResultSet.m; sourceTree = "<group>"; };
		400977D7262D1FA0003E84A9 /* PetTableViewCell.swift */ = {isa = PBXFileReference; fileEncoding = 4; lastKnownFileType = sourcecode.swift; path = PetTableViewCell.swift; sourceTree = "<group>"; };
		400977DC262D1FCA003E84A9 /* HealthTableViewCell.swift */ = {isa = PBXFileReference; fileEncoding = 4; lastKnownFileType = sourcecode.swift; path = HealthTableViewCell.swift; sourceTree = "<group>"; };
		400977DD262D1FCB003E84A9 /* HealthPost.swift */ = {isa = PBXFileReference; fileEncoding = 4; lastKnownFileType = sourcecode.swift; path = HealthPost.swift; sourceTree = "<group>"; };
		400977E6262D2057003E84A9 /* VideoViewController.swift */ = {isa = PBXFileReference; fileEncoding = 4; lastKnownFileType = sourcecode.swift; path = VideoViewController.swift; sourceTree = "<group>"; };
		400977EC262D208B003E84A9 /* VideoPostTableViewCell.swift */ = {isa = PBXFileReference; fileEncoding = 4; lastKnownFileType = sourcecode.swift; path = VideoPostTableViewCell.swift; sourceTree = "<group>"; };
		400977ED262D208B003E84A9 /* VideoPost.swift */ = {isa = PBXFileReference; fileEncoding = 4; lastKnownFileType = sourcecode.swift; path = VideoPost.swift; sourceTree = "<group>"; };
		408919DF261B8C4500E0988A /* ProdDetailsViewController.swift */ = {isa = PBXFileReference; lastKnownFileType = sourcecode.swift; path = ProdDetailsViewController.swift; sourceTree = "<group>"; };
		40997E40260E45CA0046D0B8 /* GoogleService-Info.plist */ = {isa = PBXFileReference; fileEncoding = 4; lastKnownFileType = text.plist.xml; path = "GoogleService-Info.plist"; sourceTree = "<group>"; };
		40997E46260E5E760046D0B8 /* LoginViewController.swift */ = {isa = PBXFileReference; lastKnownFileType = sourcecode.swift; path = LoginViewController.swift; sourceTree = "<group>"; };
		40997E4E260E65FE0046D0B8 /* RegistrationViewController.swift */ = {isa = PBXFileReference; lastKnownFileType = sourcecode.swift; path = RegistrationViewController.swift; sourceTree = "<group>"; };
		40997E54260E67C90046D0B8 /* Extensions.swift */ = {isa = PBXFileReference; lastKnownFileType = sourcecode.swift; path = Extensions.swift; sourceTree = "<group>"; };
		40997E59260E68180046D0B8 /* AuthManager.swift */ = {isa = PBXFileReference; lastKnownFileType = sourcecode.swift; path = AuthManager.swift; sourceTree = "<group>"; };
		40997E5E260E68630046D0B8 /* DatabaseManager.swift */ = {isa = PBXFileReference; lastKnownFileType = sourcecode.swift; path = DatabaseManager.swift; sourceTree = "<group>"; };
		40997E66260E80C20046D0B8 /* HomeTableViewCell.swift */ = {isa = PBXFileReference; lastKnownFileType = sourcecode.swift; path = HomeTableViewCell.swift; sourceTree = "<group>"; };
		40A0217626092CB4007F287B /* SettingsViewController.swift */ = {isa = PBXFileReference; lastKnownFileType = sourcecode.swift; path = SettingsViewController.swift; sourceTree = "<group>"; };
		40A0217C2609300B007F287B /* SwitchTableViewCell.swift */ = {isa = PBXFileReference; lastKnownFileType = sourcecode.swift; path = SwitchTableViewCell.swift; sourceTree = "<group>"; };
		40A021812609306B007F287B /* SettingTableViewCell.swift */ = {isa = PBXFileReference; lastKnownFileType = sourcecode.swift; path = SettingTableViewCell.swift; sourceTree = "<group>"; };
		40A0218C26094115007F287B /* SubscriptionTableViewCell.swift */ = {isa = PBXFileReference; lastKnownFileType = sourcecode.swift; path = SubscriptionTableViewCell.swift; sourceTree = "<group>"; };
		40A0219426097D4C007F287B /* SubscriptionViewController.swift */ = {isa = PBXFileReference; lastKnownFileType = sourcecode.swift; path = SubscriptionViewController.swift; sourceTree = "<group>"; };
		40A0219C260990E3007F287B /* Cell.swift */ = {isa = PBXFileReference; lastKnownFileType = sourcecode.swift; path = Cell.swift; sourceTree = "<group>"; };
		40A0FEB72604F240005819E0 /* PetsNPals.app */ = {isa = PBXFileReference; explicitFileType = wrapper.application; includeInIndex = 0; path = PetsNPals.app; sourceTree = BUILT_PRODUCTS_DIR; };
		40A0FEBA2604F240005819E0 /* AppDelegate.swift */ = {isa = PBXFileReference; lastKnownFileType = sourcecode.swift; path = AppDelegate.swift; sourceTree = "<group>"; };
		40A0FEBC2604F240005819E0 /* SceneDelegate.swift */ = {isa = PBXFileReference; lastKnownFileType = sourcecode.swift; path = SceneDelegate.swift; sourceTree = "<group>"; };
		40A0FEBE2604F240005819E0 /* ViewController.swift */ = {isa = PBXFileReference; lastKnownFileType = sourcecode.swift; path = ViewController.swift; sourceTree = "<group>"; };
		40A0FEC12604F240005819E0 /* Base */ = {isa = PBXFileReference; lastKnownFileType = file.storyboard; name = Base; path = Base.lproj/Main.storyboard; sourceTree = "<group>"; };
		40A0FEC32604F244005819E0 /* Assets.xcassets */ = {isa = PBXFileReference; lastKnownFileType = folder.assetcatalog; path = Assets.xcassets; sourceTree = "<group>"; };
		40A0FEC62604F244005819E0 /* Base */ = {isa = PBXFileReference; lastKnownFileType = file.storyboard; name = Base; path = Base.lproj/LaunchScreen.storyboard; sourceTree = "<group>"; };
		40A0FEC82604F244005819E0 /* Info.plist */ = {isa = PBXFileReference; lastKnownFileType = text.plist.xml; path = Info.plist; sourceTree = "<group>"; };
		40A0FECD2604F244005819E0 /* PetsNPalsTests.xctest */ = {isa = PBXFileReference; explicitFileType = wrapper.cfbundle; includeInIndex = 0; path = PetsNPalsTests.xctest; sourceTree = BUILT_PRODUCTS_DIR; };
		40A0FED12604F244005819E0 /* PetsNPalsTests.swift */ = {isa = PBXFileReference; lastKnownFileType = sourcecode.swift; path = PetsNPalsTests.swift; sourceTree = "<group>"; };
		40A0FED32604F244005819E0 /* Info.plist */ = {isa = PBXFileReference; lastKnownFileType = text.plist.xml; path = Info.plist; sourceTree = "<group>"; };
		40A0FED82604F244005819E0 /* PetsNPalsUITests.xctest */ = {isa = PBXFileReference; explicitFileType = wrapper.cfbundle; includeInIndex = 0; path = PetsNPalsUITests.xctest; sourceTree = BUILT_PRODUCTS_DIR; };
		40A0FEDC2604F244005819E0 /* PetsNPalsUITests.swift */ = {isa = PBXFileReference; lastKnownFileType = sourcecode.swift; path = PetsNPalsUITests.swift; sourceTree = "<group>"; };
		40A0FEDE2604F244005819E0 /* Info.plist */ = {isa = PBXFileReference; lastKnownFileType = text.plist.xml; path = Info.plist; sourceTree = "<group>"; };
		40A0FEFA260595A3005819E0 /* HealthViewController.swift */ = {isa = PBXFileReference; lastKnownFileType = sourcecode.swift; path = HealthViewController.swift; sourceTree = "<group>"; };
		40A0FF352606F945005819E0 /* ManagePetController.swift */ = {isa = PBXFileReference; lastKnownFileType = sourcecode.swift; path = ManagePetController.swift; sourceTree = "<group>"; };
		40A0FF3A260820CB005819E0 /* AddPetViewController.swift */ = {isa = PBXFileReference; lastKnownFileType = sourcecode.swift; path = AddPetViewController.swift; sourceTree = "<group>"; };
		40AA36DB26122F9B0015BAEC /* SideMenu.swift */ = {isa = PBXFileReference; lastKnownFileType = sourcecode.swift; path = SideMenu.swift; sourceTree = "<group>"; };
		40AA36E026123C1D0015BAEC /* ShopViewController.swift */ = {isa = PBXFileReference; lastKnownFileType = sourcecode.swift; path = ShopViewController.swift; sourceTree = "<group>"; };
		40AA36E526124F3D0015BAEC /* ProfileViewController.swift */ = {isa = PBXFileReference; lastKnownFileType = sourcecode.swift; path = ProfileViewController.swift; sourceTree = "<group>"; };
		40AE4AF5261279100052DD6D /* AboutViewController.swift */ = {isa = PBXFileReference; lastKnownFileType = sourcecode.swift; path = AboutViewController.swift; sourceTree = "<group>"; };
		40AF501C260AA8150062B706 /* DBHelper.swift */ = {isa = PBXFileReference; lastKnownFileType = sourcecode.swift; path = DBHelper.swift; sourceTree = "<group>"; };
		40BF30AF2624F90500A5314D /* Util.swift */ = {isa = PBXFileReference; fileEncoding = 4; lastKnownFileType = sourcecode.swift; path = Util.swift; sourceTree = "<group>"; };
		40BF30B42624F91100A5314D /* ModelManager.swift */ = {isa = PBXFileReference; fileEncoding = 4; lastKnownFileType = sourcecode.swift; path = ModelManager.swift; sourceTree = "<group>"; };
		40BF30BC2624F92700A5314D /* DogModel.swift */ = {isa = PBXFileReference; fileEncoding = 4; lastKnownFileType = sourcecode.swift; path = DogModel.swift; sourceTree = "<group>"; };
		40BF30C12624F93000A5314D /* ProductModel.swift */ = {isa = PBXFileReference; fileEncoding = 4; lastKnownFileType = sourcecode.swift; path = ProductModel.swift; sourceTree = "<group>"; };
		40BF30C62624F96100A5314D /* PetsNPalsDB.db */ = {isa = PBXFileReference; lastKnownFileType = file; path = PetsNPalsDB.db; sourceTree = "<group>"; };
		40BF30CC2624FA0F00A5314D /* ProductTableViewCell.swift */ = {isa = PBXFileReference; fileEncoding = 4; lastKnownFileType = sourcecode.swift; path = ProductTableViewCell.swift; sourceTree = "<group>"; };
		40ECFF3A263B2351008F97E9 /* UserModel.swift */ = {isa = PBXFileReference; lastKnownFileType = sourcecode.swift; path = UserModel.swift; sourceTree = "<group>"; };
		720C13293D7D69A160AD34F3 /* Pods_PetsNPalsTests.framework */ = {isa = PBXFileReference; explicitFileType = wrapper.framework; includeInIndex = 0; path = Pods_PetsNPalsTests.framework; sourceTree = BUILT_PRODUCTS_DIR; };
		89DF84C4988B4954F0DF25DF /* Pods-PetsNPalsTests.release.xcconfig */ = {isa = PBXFileReference; includeInIndex = 1; lastKnownFileType = text.xcconfig; name = "Pods-PetsNPalsTests.release.xcconfig"; path = "Target Support Files/Pods-PetsNPalsTests/Pods-PetsNPalsTests.release.xcconfig"; sourceTree = "<group>"; };
		C59D12C25E310849715473EF /* Pods-PetsNPals-PetsNPalsUITests.debug.xcconfig */ = {isa = PBXFileReference; includeInIndex = 1; lastKnownFileType = text.xcconfig; name = "Pods-PetsNPals-PetsNPalsUITests.debug.xcconfig"; path = "Target Support Files/Pods-PetsNPals-PetsNPalsUITests/Pods-PetsNPals-PetsNPalsUITests.debug.xcconfig"; sourceTree = "<group>"; };
		D7986834A7483D660CED04E1 /* Pods-PetsNPals-PetsNPalsUITests.release.xcconfig */ = {isa = PBXFileReference; includeInIndex = 1; lastKnownFileType = text.xcconfig; name = "Pods-PetsNPals-PetsNPalsUITests.release.xcconfig"; path = "Target Support Files/Pods-PetsNPals-PetsNPalsUITests/Pods-PetsNPals-PetsNPalsUITests.release.xcconfig"; sourceTree = "<group>"; };
		ED4AE3BCF91C2315AD7AD1EC /* Pods-PetsNPals.release.xcconfig */ = {isa = PBXFileReference; includeInIndex = 1; lastKnownFileType = text.xcconfig; name = "Pods-PetsNPals.release.xcconfig"; path = "Target Support Files/Pods-PetsNPals/Pods-PetsNPals.release.xcconfig"; sourceTree = "<group>"; };
/* End PBXFileReference section */

/* Begin PBXFrameworksBuildPhase section */
		40A0FEB42604F240005819E0 /* Frameworks */ = {
			isa = PBXFrameworksBuildPhase;
			buildActionMask = 2147483647;
			files = (
				F0503439FBE26C602CADA90D /* Pods_PetsNPals.framework in Frameworks */,
			);
			runOnlyForDeploymentPostprocessing = 0;
		};
		40A0FECA2604F244005819E0 /* Frameworks */ = {
			isa = PBXFrameworksBuildPhase;
			buildActionMask = 2147483647;
			files = (
				6B20F4D41998F869F14015C6 /* Pods_PetsNPalsTests.framework in Frameworks */,
			);
			runOnlyForDeploymentPostprocessing = 0;
		};
		40A0FED52604F244005819E0 /* Frameworks */ = {
			isa = PBXFrameworksBuildPhase;
			buildActionMask = 2147483647;
			files = (
				8A526FDB993C91988694E118 /* Pods_PetsNPals_PetsNPalsUITests.framework in Frameworks */,
			);
			runOnlyForDeploymentPostprocessing = 0;
		};
/* End PBXFrameworksBuildPhase section */

/* Begin PBXGroup section */
		400977A0262D1B42003E84A9 /* Helper */ = {
			isa = PBXGroup;
			children = (
				400977A1262D1B42003E84A9 /* FMDB */,
			);
			path = Helper;
			sourceTree = "<group>";
		};
		400977A1262D1B42003E84A9 /* FMDB */ = {
			isa = PBXGroup;
			children = (
				400977A2262D1B42003E84A9 /* PetsNPals-Bridging-Header.h */,
				400977A3262D1B42003E84A9 /* FMDatabase.h */,
				400977A4262D1B42003E84A9 /* FMDatabaseQueue.m */,
				400977A5262D1B42003E84A9 /* FMResultSet.h */,
				400977A6262D1B42003E84A9 /* FMDatabasePool.h */,
				400977A7262D1B42003E84A9 /* FMDatabaseAdditions.m */,
				400977A8262D1B42003E84A9 /* FMDatabase.m */,
				400977A9262D1B42003E84A9 /* FMDatabaseQueue.h */,
				400977AA262D1B42003E84A9 /* FMDB.h */,
				400977AB262D1B42003E84A9 /* FMDatabaseAdditions.h */,
				400977AC262D1B42003E84A9 /* FMDatabasePool.m */,
				400977AD262D1B42003E84A9 /* FMResultSet.m */,
			);
			path = FMDB;
			sourceTree = "<group>";
		};
		400977EB262D208B003E84A9 /* Video Cells */ = {
			isa = PBXGroup;
			children = (
				400977EC262D208B003E84A9 /* VideoPostTableViewCell.swift */,
				400977ED262D208B003E84A9 /* VideoPost.swift */,
			);
			path = "Video Cells";
			sourceTree = "<group>";
		};
		40997E45260E5E600046D0B8 /* Onboarding */ = {
			isa = PBXGroup;
			children = (
				40997E46260E5E760046D0B8 /* LoginViewController.swift */,
				40997E4E260E65FE0046D0B8 /* RegistrationViewController.swift */,
			);
			path = Onboarding;
			sourceTree = "<group>";
		};
		40997E53260E669E0046D0B8 /* Resources */ = {
			isa = PBXGroup;
			children = (
				40997E54260E67C90046D0B8 /* Extensions.swift */,
				40997E59260E68180046D0B8 /* AuthManager.swift */,
				40997E5E260E68630046D0B8 /* DatabaseManager.swift */,
			);
			path = Resources;
			sourceTree = "<group>";
		};
		40997E6E260E8A4B0046D0B8 /* Healthcare Cells */ = {
			isa = PBXGroup;
			children = (
				400977DD262D1FCB003E84A9 /* HealthPost.swift */,
				400977DC262D1FCA003E84A9 /* HealthTableViewCell.swift */,
			);
			path = "Healthcare Cells";
			sourceTree = "<group>";
		};
		40A0217B26092FB9007F287B /* Settings Cells */ = {
			isa = PBXGroup;
			children = (
				40A0217C2609300B007F287B /* SwitchTableViewCell.swift */,
				40A021812609306B007F287B /* SettingTableViewCell.swift */,
			);
			path = "Settings Cells";
			sourceTree = "<group>";
		};
		40A0218B260940DF007F287B /* Subscription Cells */ = {
			isa = PBXGroup;
			children = (
				40A0218C26094115007F287B /* SubscriptionTableViewCell.swift */,
			);
			path = "Subscription Cells";
			sourceTree = "<group>";
		};
		40A0FEAE2604F23F005819E0 = {
			isa = PBXGroup;
			children = (
				40A0FEB92604F240005819E0 /* PetsNPals */,
				40A0FED02604F244005819E0 /* PetsNPalsTests */,
				40A0FEDB2604F244005819E0 /* PetsNPalsUITests */,
				40A0FEB82604F240005819E0 /* Products */,
				7076009CE07EBC9A91B75BD5 /* Pods */,
				8F83F6E0845C631E9DA11D54 /* Frameworks */,
			);
			sourceTree = "<group>";
		};
		40A0FEB82604F240005819E0 /* Products */ = {
			isa = PBXGroup;
			children = (
				40A0FEB72604F240005819E0 /* PetsNPals.app */,
				40A0FECD2604F244005819E0 /* PetsNPalsTests.xctest */,
				40A0FED82604F244005819E0 /* PetsNPalsUITests.xctest */,
			);
			name = Products;
			sourceTree = "<group>";
		};
		40A0FEB92604F240005819E0 /* PetsNPals */ = {
			isa = PBXGroup;
			children = (
				400977A0262D1B42003E84A9 /* Helper */,
				40E432302616055700211889 /* SQLiteDatasource */,
				40997E53260E669E0046D0B8 /* Resources */,
				40997E40260E45CA0046D0B8 /* GoogleService-Info.plist */,
				40AF5021260AA8A40062B706 /* Models */,
				40A0FEF926059581005819E0 /* Controllers */,
				40A0FEED26058B1A005819E0 /* Cells */,
				40A0FEBA2604F240005819E0 /* AppDelegate.swift */,
				40A0FEBC2604F240005819E0 /* SceneDelegate.swift */,
				40A0FEC02604F240005819E0 /* Main.storyboard */,
				40A0FEC32604F244005819E0 /* Assets.xcassets */,
				40A0FEC52604F244005819E0 /* LaunchScreen.storyboard */,
				40A0FEC82604F244005819E0 /* Info.plist */,
				40AF501C260AA8150062B706 /* DBHelper.swift */,
				40AA36DB26122F9B0015BAEC /* SideMenu.swift */,
			);
			path = PetsNPals;
			sourceTree = "<group>";
		};
		40A0FED02604F244005819E0 /* PetsNPalsTests */ = {
			isa = PBXGroup;
			children = (
				40A0FED12604F244005819E0 /* PetsNPalsTests.swift */,
				40A0FED32604F244005819E0 /* Info.plist */,
			);
			path = PetsNPalsTests;
			sourceTree = "<group>";
		};
		40A0FEDB2604F244005819E0 /* PetsNPalsUITests */ = {
			isa = PBXGroup;
			children = (
				40A0FEDC2604F244005819E0 /* PetsNPalsUITests.swift */,
				40A0FEDE2604F244005819E0 /* Info.plist */,
			);
			path = PetsNPalsUITests;
			sourceTree = "<group>";
		};
		40A0FEED26058B1A005819E0 /* Cells */ = {
			isa = PBXGroup;
			children = (
				400977EB262D208B003E84A9 /* Video Cells */,
				40BF30CB2624FA0F00A5314D /* Shop Cells */,
				40997E6E260E8A4B0046D0B8 /* Healthcare Cells */,
				40AF502A260AB6C40062B706 /* Pet Cells */,
				40A0218B260940DF007F287B /* Subscription Cells */,
				40A0217B26092FB9007F287B /* Settings Cells */,
				40A0FEEE26058B2C005819E0 /* Home Cells */,
			);
			path = Cells;
			sourceTree = "<group>";
		};
		40A0FEEE26058B2C005819E0 /* Home Cells */ = {
			isa = PBXGroup;
			children = (
				40A0219C260990E3007F287B /* Cell.swift */,
				40997E66260E80C20046D0B8 /* HomeTableViewCell.swift */,
			);
			path = "Home Cells";
			sourceTree = "<group>";
		};
		40A0FEF926059581005819E0 /* Controllers */ = {
			isa = PBXGroup;
			children = (
				40997E45260E5E600046D0B8 /* Onboarding */,
				40A0FEFA260595A3005819E0 /* HealthViewController.swift */,
				40A0FF352606F945005819E0 /* ManagePetController.swift */,
				40A0FF3A260820CB005819E0 /* AddPetViewController.swift */,
				40A0217626092CB4007F287B /* SettingsViewController.swift */,
				40A0219426097D4C007F287B /* SubscriptionViewController.swift */,
				40AA36E026123C1D0015BAEC /* ShopViewController.swift */,
				40AA36E526124F3D0015BAEC /* ProfileViewController.swift */,
				40A0FEBE2604F240005819E0 /* ViewController.swift */,
				400977E6262D2057003E84A9 /* VideoViewController.swift */,
				40AE4AF5261279100052DD6D /* AboutViewController.swift */,
				408919DF261B8C4500E0988A /* ProdDetailsViewController.swift */,
			);
			path = Controllers;
			sourceTree = "<group>";
		};
		40AF5021260AA8A40062B706 /* Models */ = {
			isa = PBXGroup;
			children = (
				40BF30C62624F96100A5314D /* PetsNPalsDB.db */,
				40BF30AF2624F90500A5314D /* Util.swift */,
				40BF30BC2624F92700A5314D /* DogModel.swift */,
				40BF30B42624F91100A5314D /* ModelManager.swift */,
				40BF30C12624F93000A5314D /* ProductModel.swift */,
				40ECFF3A263B2351008F97E9 /* UserModel.swift */,
			);
			path = Models;
			sourceTree = "<group>";
		};
		40AF502A260AB6C40062B706 /* Pet Cells */ = {
			isa = PBXGroup;
			children = (
				400977D7262D1FA0003E84A9 /* PetTableViewCell.swift */,
			);
			path = "Pet Cells";
			sourceTree = "<group>";
		};
		40BF30CB2624FA0F00A5314D /* Shop Cells */ = {
			isa = PBXGroup;
			children = (
				40BF30CC2624FA0F00A5314D /* ProductTableViewCell.swift */,
			);
			path = "Shop Cells";
			sourceTree = "<group>";
		};
		40E432302616055700211889 /* SQLiteDatasource */ = {
			isa = PBXGroup;
			children = (
			);
			path = SQLiteDatasource;
			sourceTree = "<group>";
		};
		7076009CE07EBC9A91B75BD5 /* Pods */ = {
			isa = PBXGroup;
			children = (
				04EF65B3A4E5EBC7922250C7 /* Pods-PetsNPals.debug.xcconfig */,
				ED4AE3BCF91C2315AD7AD1EC /* Pods-PetsNPals.release.xcconfig */,
				C59D12C25E310849715473EF /* Pods-PetsNPals-PetsNPalsUITests.debug.xcconfig */,
				D7986834A7483D660CED04E1 /* Pods-PetsNPals-PetsNPalsUITests.release.xcconfig */,
				0A135C761B9A89AB00590126 /* Pods-PetsNPalsTests.debug.xcconfig */,
				89DF84C4988B4954F0DF25DF /* Pods-PetsNPalsTests.release.xcconfig */,
			);
			path = Pods;
			sourceTree = "<group>";
		};
		8F83F6E0845C631E9DA11D54 /* Frameworks */ = {
			isa = PBXGroup;
			children = (
				3C5493A61D5B17F30D7052A4 /* Pods_PetsNPals.framework */,
				032682ADB53308ACEB4B05D9 /* Pods_PetsNPals_PetsNPalsUITests.framework */,
				720C13293D7D69A160AD34F3 /* Pods_PetsNPalsTests.framework */,
			);
			name = Frameworks;
			sourceTree = "<group>";
		};
/* End PBXGroup section */

/* Begin PBXNativeTarget section */
		40A0FEB62604F240005819E0 /* PetsNPals */ = {
			isa = PBXNativeTarget;
			buildConfigurationList = 40A0FEE12604F244005819E0 /* Build configuration list for PBXNativeTarget "PetsNPals" */;
			buildPhases = (
				DA67EFA323C52B907B00FD0C /* [CP] Check Pods Manifest.lock */,
				40A0FEB32604F240005819E0 /* Sources */,
				40A0FEB42604F240005819E0 /* Frameworks */,
				40A0FEB52604F240005819E0 /* Resources */,
				B7F066DB5A002B023A7E10A5 /* [CP] Embed Pods Frameworks */,
			);
			buildRules = (
			);
			dependencies = (
			);
			name = PetsNPals;
			productName = PetsNPals;
			productReference = 40A0FEB72604F240005819E0 /* PetsNPals.app */;
			productType = "com.apple.product-type.application";
		};
		40A0FECC2604F244005819E0 /* PetsNPalsTests */ = {
			isa = PBXNativeTarget;
			buildConfigurationList = 40A0FEE42604F244005819E0 /* Build configuration list for PBXNativeTarget "PetsNPalsTests" */;
			buildPhases = (
				76B824EA10F8E07D3ACB2FAF /* [CP] Check Pods Manifest.lock */,
				40A0FEC92604F244005819E0 /* Sources */,
				40A0FECA2604F244005819E0 /* Frameworks */,
				40A0FECB2604F244005819E0 /* Resources */,
			);
			buildRules = (
			);
			dependencies = (
				40A0FECF2604F244005819E0 /* PBXTargetDependency */,
			);
			name = PetsNPalsTests;
			productName = PetsNPalsTests;
			productReference = 40A0FECD2604F244005819E0 /* PetsNPalsTests.xctest */;
			productType = "com.apple.product-type.bundle.unit-test";
		};
		40A0FED72604F244005819E0 /* PetsNPalsUITests */ = {
			isa = PBXNativeTarget;
			buildConfigurationList = 40A0FEE72604F244005819E0 /* Build configuration list for PBXNativeTarget "PetsNPalsUITests" */;
			buildPhases = (
				4C6B864D10825B2A671F6EB3 /* [CP] Check Pods Manifest.lock */,
				40A0FED42604F244005819E0 /* Sources */,
				40A0FED52604F244005819E0 /* Frameworks */,
				40A0FED62604F244005819E0 /* Resources */,
				A35A3342AADCD871E78FB949 /* [CP] Embed Pods Frameworks */,
			);
			buildRules = (
			);
			dependencies = (
				40A0FEDA2604F244005819E0 /* PBXTargetDependency */,
			);
			name = PetsNPalsUITests;
			productName = PetsNPalsUITests;
			productReference = 40A0FED82604F244005819E0 /* PetsNPalsUITests.xctest */;
			productType = "com.apple.product-type.bundle.ui-testing";
		};
/* End PBXNativeTarget section */

/* Begin PBXProject section */
		40A0FEAF2604F23F005819E0 /* Project object */ = {
			isa = PBXProject;
			attributes = {
				LastSwiftUpdateCheck = 1230;
				LastUpgradeCheck = 1230;
				TargetAttributes = {
					40A0FEB62604F240005819E0 = {
						CreatedOnToolsVersion = 12.3;
						LastSwiftMigration = 1230;
					};
					40A0FECC2604F244005819E0 = {
						CreatedOnToolsVersion = 12.3;
						TestTargetID = 40A0FEB62604F240005819E0;
					};
					40A0FED72604F244005819E0 = {
						CreatedOnToolsVersion = 12.3;
						TestTargetID = 40A0FEB62604F240005819E0;
					};
				};
			};
			buildConfigurationList = 40A0FEB22604F23F005819E0 /* Build configuration list for PBXProject "PetsNPals" */;
			compatibilityVersion = "Xcode 9.3";
			developmentRegion = en;
			hasScannedForEncodings = 0;
			knownRegions = (
				en,
				Base,
			);
			mainGroup = 40A0FEAE2604F23F005819E0;
			productRefGroup = 40A0FEB82604F240005819E0 /* Products */;
			projectDirPath = "";
			projectRoot = "";
			targets = (
				40A0FEB62604F240005819E0 /* PetsNPals */,
				40A0FECC2604F244005819E0 /* PetsNPalsTests */,
				40A0FED72604F244005819E0 /* PetsNPalsUITests */,
			);
		};
/* End PBXProject section */

/* Begin PBXResourcesBuildPhase section */
		40A0FEB52604F240005819E0 /* Resources */ = {
			isa = PBXResourcesBuildPhase;
			buildActionMask = 2147483647;
			files = (
				40A0FEC72604F244005819E0 /* LaunchScreen.storyboard in Resources */,
				40997E41260E45CB0046D0B8 /* GoogleService-Info.plist in Resources */,
				40BF30C72624F96100A5314D /* PetsNPalsDB.db in Resources */,
				40A0FEC42604F244005819E0 /* Assets.xcassets in Resources */,
				40A0FEC22604F240005819E0 /* Main.storyboard in Resources */,
			);
			runOnlyForDeploymentPostprocessing = 0;
		};
		40A0FECB2604F244005819E0 /* Resources */ = {
			isa = PBXResourcesBuildPhase;
			buildActionMask = 2147483647;
			files = (
			);
			runOnlyForDeploymentPostprocessing = 0;
		};
		40A0FED62604F244005819E0 /* Resources */ = {
			isa = PBXResourcesBuildPhase;
			buildActionMask = 2147483647;
			files = (
			);
			runOnlyForDeploymentPostprocessing = 0;
		};
/* End PBXResourcesBuildPhase section */

/* Begin PBXShellScriptBuildPhase section */
		4C6B864D10825B2A671F6EB3 /* [CP] Check Pods Manifest.lock */ = {
			isa = PBXShellScriptBuildPhase;
			buildActionMask = 2147483647;
			files = (
			);
			inputFileListPaths = (
			);
			inputPaths = (
				"${PODS_PODFILE_DIR_PATH}/Podfile.lock",
				"${PODS_ROOT}/Manifest.lock",
			);
			name = "[CP] Check Pods Manifest.lock";
			outputFileListPaths = (
			);
			outputPaths = (
				"$(DERIVED_FILE_DIR)/Pods-PetsNPals-PetsNPalsUITests-checkManifestLockResult.txt",
			);
			runOnlyForDeploymentPostprocessing = 0;
			shellPath = /bin/sh;
			shellScript = "diff \"${PODS_PODFILE_DIR_PATH}/Podfile.lock\" \"${PODS_ROOT}/Manifest.lock\" > /dev/null\nif [ $? != 0 ] ; then\n    # print error to STDERR\n    echo \"error: The sandbox is not in sync with the Podfile.lock. Run 'pod install' or update your CocoaPods installation.\" >&2\n    exit 1\nfi\n# This output is used by Xcode 'outputs' to avoid re-running this script phase.\necho \"SUCCESS\" > \"${SCRIPT_OUTPUT_FILE_0}\"\n";
			showEnvVarsInLog = 0;
		};
		76B824EA10F8E07D3ACB2FAF /* [CP] Check Pods Manifest.lock */ = {
			isa = PBXShellScriptBuildPhase;
			buildActionMask = 2147483647;
			files = (
			);
			inputFileListPaths = (
			);
			inputPaths = (
				"${PODS_PODFILE_DIR_PATH}/Podfile.lock",
				"${PODS_ROOT}/Manifest.lock",
			);
			name = "[CP] Check Pods Manifest.lock";
			outputFileListPaths = (
			);
			outputPaths = (
				"$(DERIVED_FILE_DIR)/Pods-PetsNPalsTests-checkManifestLockResult.txt",
			);
			runOnlyForDeploymentPostprocessing = 0;
			shellPath = /bin/sh;
			shellScript = "diff \"${PODS_PODFILE_DIR_PATH}/Podfile.lock\" \"${PODS_ROOT}/Manifest.lock\" > /dev/null\nif [ $? != 0 ] ; then\n    # print error to STDERR\n    echo \"error: The sandbox is not in sync with the Podfile.lock. Run 'pod install' or update your CocoaPods installation.\" >&2\n    exit 1\nfi\n# This output is used by Xcode 'outputs' to avoid re-running this script phase.\necho \"SUCCESS\" > \"${SCRIPT_OUTPUT_FILE_0}\"\n";
			showEnvVarsInLog = 0;
		};
		A35A3342AADCD871E78FB949 /* [CP] Embed Pods Frameworks */ = {
			isa = PBXShellScriptBuildPhase;
			buildActionMask = 2147483647;
			files = (
			);
			inputFileListPaths = (
				"${PODS_ROOT}/Target Support Files/Pods-PetsNPals-PetsNPalsUITests/Pods-PetsNPals-PetsNPalsUITests-frameworks-${CONFIGURATION}-input-files.xcfilelist",
			);
			name = "[CP] Embed Pods Frameworks";
			outputFileListPaths = (
				"${PODS_ROOT}/Target Support Files/Pods-PetsNPals-PetsNPalsUITests/Pods-PetsNPals-PetsNPalsUITests-frameworks-${CONFIGURATION}-output-files.xcfilelist",
			);
			runOnlyForDeploymentPostprocessing = 0;
			shellPath = /bin/sh;
			shellScript = "\"${PODS_ROOT}/Target Support Files/Pods-PetsNPals-PetsNPalsUITests/Pods-PetsNPals-PetsNPalsUITests-frameworks.sh\"\n";
			showEnvVarsInLog = 0;
		};
		B7F066DB5A002B023A7E10A5 /* [CP] Embed Pods Frameworks */ = {
			isa = PBXShellScriptBuildPhase;
			buildActionMask = 2147483647;
			files = (
			);
			inputFileListPaths = (
				"${PODS_ROOT}/Target Support Files/Pods-PetsNPals/Pods-PetsNPals-frameworks-${CONFIGURATION}-input-files.xcfilelist",
			);
			name = "[CP] Embed Pods Frameworks";
			outputFileListPaths = (
				"${PODS_ROOT}/Target Support Files/Pods-PetsNPals/Pods-PetsNPals-frameworks-${CONFIGURATION}-output-files.xcfilelist",
			);
			runOnlyForDeploymentPostprocessing = 0;
			shellPath = /bin/sh;
			shellScript = "\"${PODS_ROOT}/Target Support Files/Pods-PetsNPals/Pods-PetsNPals-frameworks.sh\"\n";
			showEnvVarsInLog = 0;
		};
		DA67EFA323C52B907B00FD0C /* [CP] Check Pods Manifest.lock */ = {
			isa = PBXShellScriptBuildPhase;
			buildActionMask = 2147483647;
			files = (
			);
			inputFileListPaths = (
			);
			inputPaths = (
				"${PODS_PODFILE_DIR_PATH}/Podfile.lock",
				"${PODS_ROOT}/Manifest.lock",
			);
			name = "[CP] Check Pods Manifest.lock";
			outputFileListPaths = (
			);
			outputPaths = (
				"$(DERIVED_FILE_DIR)/Pods-PetsNPals-checkManifestLockResult.txt",
			);
			runOnlyForDeploymentPostprocessing = 0;
			shellPath = /bin/sh;
			shellScript = "diff \"${PODS_PODFILE_DIR_PATH}/Podfile.lock\" \"${PODS_ROOT}/Manifest.lock\" > /dev/null\nif [ $? != 0 ] ; then\n    # print error to STDERR\n    echo \"error: The sandbox is not in sync with the Podfile.lock. Run 'pod install' or update your CocoaPods installation.\" >&2\n    exit 1\nfi\n# This output is used by Xcode 'outputs' to avoid re-running this script phase.\necho \"SUCCESS\" > \"${SCRIPT_OUTPUT_FILE_0}\"\n";
			showEnvVarsInLog = 0;
		};
/* End PBXShellScriptBuildPhase section */

/* Begin PBXSourcesBuildPhase section */
		40A0FEB32604F240005819E0 /* Sources */ = {
			isa = PBXSourcesBuildPhase;
			buildActionMask = 2147483647;
			files = (
				400977EE262D208B003E84A9 /* VideoPostTableViewCell.swift in Sources */,
				40A0FEBF2604F240005819E0 /* ViewController.swift in Sources */,
				40A0219D260990E3007F287B /* Cell.swift in Sources */,
				400977B0262D1B42003E84A9 /* FMDatabase.m in Sources */,
				40A0217D2609300B007F287B /* SwitchTableViewCell.swift in Sources */,
				40A0FF362606F945005819E0 /* ManagePetController.swift in Sources */,
				40A0217726092CB4007F287B /* SettingsViewController.swift in Sources */,
				40ECFF3B263B2352008F97E9 /* UserModel.swift in Sources */,
				40997E55260E67C90046D0B8 /* Extensions.swift in Sources */,
				40AF501D260AA8160062B706 /* DBHelper.swift in Sources */,
				40BF30BD2624F92800A5314D /* DogModel.swift in Sources */,
				40997E5A260E68180046D0B8 /* AuthManager.swift in Sources */,
				40A0219526097D4C007F287B /* SubscriptionViewController.swift in Sources */,
				40A021822609306B007F287B /* SettingTableViewCell.swift in Sources */,
				400977D8262D1FA0003E84A9 /* PetTableViewCell.swift in Sources */,
				40A0FEBB2604F240005819E0 /* AppDelegate.swift in Sources */,
				400977DF262D1FCB003E84A9 /* HealthPost.swift in Sources */,
				40AA36DC26122F9B0015BAEC /* SideMenu.swift in Sources */,
				40A0FF3B260820CC005819E0 /* AddPetViewController.swift in Sources */,
				40997E4F260E65FE0046D0B8 /* RegistrationViewController.swift in Sources */,
				40A0218D26094115007F287B /* SubscriptionTableViewCell.swift in Sources */,
				400977AF262D1B42003E84A9 /* FMDatabaseAdditions.m in Sources */,
				40997E67260E80C20046D0B8 /* HomeTableViewCell.swift in Sources */,
				40AE4AF6261279100052DD6D /* AboutViewController.swift in Sources */,
				40997E47260E5E760046D0B8 /* LoginViewController.swift in Sources */,
				400977B2262D1B42003E84A9 /* FMResultSet.m in Sources */,
				400977E7262D2057003E84A9 /* VideoViewController.swift in Sources */,
				40A0FEFB260595A3005819E0 /* HealthViewController.swift in Sources */,
				40AA36E126123C1D0015BAEC /* ShopViewController.swift in Sources */,
				40BF30B52624F91100A5314D /* ModelManager.swift in Sources */,
				40AA36E626124F3D0015BAEC /* ProfileViewController.swift in Sources */,
				40A0FEBD2604F240005819E0 /* SceneDelegate.swift in Sources */,
				400977EF262D208B003E84A9 /* VideoPost.swift in Sources */,
				40997E5F260E68630046D0B8 /* DatabaseManager.swift in Sources */,
				40BF30CD2624FA0F00A5314D /* ProductTableViewCell.swift in Sources */,
				40BF30B02624F90500A5314D /* Util.swift in Sources */,
				400977AE262D1B42003E84A9 /* FMDatabaseQueue.m in Sources */,
				408919E0261B8C4500E0988A /* ProdDetailsViewController.swift in Sources */,
				400977DE262D1FCB003E84A9 /* HealthTableViewCell.swift in Sources */,
				40BF30C22624F93000A5314D /* ProductModel.swift in Sources */,
				400977B1262D1B42003E84A9 /* FMDatabasePool.m in Sources */,
			);
			runOnlyForDeploymentPostprocessing = 0;
		};
		40A0FEC92604F244005819E0 /* Sources */ = {
			isa = PBXSourcesBuildPhase;
			buildActionMask = 2147483647;
			files = (
				40A0FED22604F244005819E0 /* PetsNPalsTests.swift in Sources */,
			);
			runOnlyForDeploymentPostprocessing = 0;
		};
		40A0FED42604F244005819E0 /* Sources */ = {
			isa = PBXSourcesBuildPhase;
			buildActionMask = 2147483647;
			files = (
				40A0FEDD2604F244005819E0 /* PetsNPalsUITests.swift in Sources */,
			);
			runOnlyForDeploymentPostprocessing = 0;
		};
/* End PBXSourcesBuildPhase section */

/* Begin PBXTargetDependency section */
		40A0FECF2604F244005819E0 /* PBXTargetDependency */ = {
			isa = PBXTargetDependency;
			target = 40A0FEB62604F240005819E0 /* PetsNPals */;
			targetProxy = 40A0FECE2604F244005819E0 /* PBXContainerItemProxy */;
		};
		40A0FEDA2604F244005819E0 /* PBXTargetDependency */ = {
			isa = PBXTargetDependency;
			target = 40A0FEB62604F240005819E0 /* PetsNPals */;
			targetProxy = 40A0FED92604F244005819E0 /* PBXContainerItemProxy */;
		};
/* End PBXTargetDependency section */

/* Begin PBXVariantGroup section */
		40A0FEC02604F240005819E0 /* Main.storyboard */ = {
			isa = PBXVariantGroup;
			children = (
				40A0FEC12604F240005819E0 /* Base */,
			);
			name = Main.storyboard;
			sourceTree = "<group>";
		};
		40A0FEC52604F244005819E0 /* LaunchScreen.storyboard */ = {
			isa = PBXVariantGroup;
			children = (
				40A0FEC62604F244005819E0 /* Base */,
			);
			name = LaunchScreen.storyboard;
			sourceTree = "<group>";
		};
/* End PBXVariantGroup section */

/* Begin XCBuildConfiguration section */
		40A0FEDF2604F244005819E0 /* Debug */ = {
			isa = XCBuildConfiguration;
			buildSettings = {
				ALWAYS_SEARCH_USER_PATHS = NO;
				CLANG_ANALYZER_NONNULL = YES;
				CLANG_ANALYZER_NUMBER_OBJECT_CONVERSION = YES_AGGRESSIVE;
				CLANG_CXX_LANGUAGE_STANDARD = "gnu++14";
				CLANG_CXX_LIBRARY = "libc++";
				CLANG_ENABLE_MODULES = YES;
				CLANG_ENABLE_OBJC_ARC = YES;
				CLANG_ENABLE_OBJC_WEAK = YES;
				CLANG_WARN_BLOCK_CAPTURE_AUTORELEASING = YES;
				CLANG_WARN_BOOL_CONVERSION = YES;
				CLANG_WARN_COMMA = YES;
				CLANG_WARN_CONSTANT_CONVERSION = YES;
				CLANG_WARN_DEPRECATED_OBJC_IMPLEMENTATIONS = YES;
				CLANG_WARN_DIRECT_OBJC_ISA_USAGE = YES_ERROR;
				CLANG_WARN_DOCUMENTATION_COMMENTS = YES;
				CLANG_WARN_EMPTY_BODY = YES;
				CLANG_WARN_ENUM_CONVERSION = YES;
				CLANG_WARN_INFINITE_RECURSION = YES;
				CLANG_WARN_INT_CONVERSION = YES;
				CLANG_WARN_NON_LITERAL_NULL_CONVERSION = YES;
				CLANG_WARN_OBJC_IMPLICIT_RETAIN_SELF = YES;
				CLANG_WARN_OBJC_LITERAL_CONVERSION = YES;
				CLANG_WARN_OBJC_ROOT_CLASS = YES_ERROR;
				CLANG_WARN_QUOTED_INCLUDE_IN_FRAMEWORK_HEADER = YES;
				CLANG_WARN_RANGE_LOOP_ANALYSIS = YES;
				CLANG_WARN_STRICT_PROTOTYPES = YES;
				CLANG_WARN_SUSPICIOUS_MOVE = YES;
				CLANG_WARN_UNGUARDED_AVAILABILITY = YES_AGGRESSIVE;
				CLANG_WARN_UNREACHABLE_CODE = YES;
				CLANG_WARN__DUPLICATE_METHOD_MATCH = YES;
				COPY_PHASE_STRIP = NO;
				DEBUG_INFORMATION_FORMAT = dwarf;
				ENABLE_STRICT_OBJC_MSGSEND = YES;
				ENABLE_TESTABILITY = YES;
				GCC_C_LANGUAGE_STANDARD = gnu11;
				GCC_DYNAMIC_NO_PIC = NO;
				GCC_NO_COMMON_BLOCKS = YES;
				GCC_OPTIMIZATION_LEVEL = 0;
				GCC_PREPROCESSOR_DEFINITIONS = (
					"DEBUG=1",
					"$(inherited)",
				);
				GCC_WARN_64_TO_32_BIT_CONVERSION = YES;
				GCC_WARN_ABOUT_RETURN_TYPE = YES_ERROR;
				GCC_WARN_UNDECLARED_SELECTOR = YES;
				GCC_WARN_UNINITIALIZED_AUTOS = YES_AGGRESSIVE;
				GCC_WARN_UNUSED_FUNCTION = YES;
				GCC_WARN_UNUSED_VARIABLE = YES;
				IPHONEOS_DEPLOYMENT_TARGET = 14.3;
				MTL_ENABLE_DEBUG_INFO = INCLUDE_SOURCE;
				MTL_FAST_MATH = YES;
				ONLY_ACTIVE_ARCH = YES;
				SDKROOT = iphoneos;
				SWIFT_ACTIVE_COMPILATION_CONDITIONS = DEBUG;
				SWIFT_OPTIMIZATION_LEVEL = "-Onone";
			};
			name = Debug;
		};
		40A0FEE02604F244005819E0 /* Release */ = {
			isa = XCBuildConfiguration;
			buildSettings = {
				ALWAYS_SEARCH_USER_PATHS = NO;
				CLANG_ANALYZER_NONNULL = YES;
				CLANG_ANALYZER_NUMBER_OBJECT_CONVERSION = YES_AGGRESSIVE;
				CLANG_CXX_LANGUAGE_STANDARD = "gnu++14";
				CLANG_CXX_LIBRARY = "libc++";
				CLANG_ENABLE_MODULES = YES;
				CLANG_ENABLE_OBJC_ARC = YES;
				CLANG_ENABLE_OBJC_WEAK = YES;
				CLANG_WARN_BLOCK_CAPTURE_AUTORELEASING = YES;
				CLANG_WARN_BOOL_CONVERSION = YES;
				CLANG_WARN_COMMA = YES;
				CLANG_WARN_CONSTANT_CONVERSION = YES;
				CLANG_WARN_DEPRECATED_OBJC_IMPLEMENTATIONS = YES;
				CLANG_WARN_DIRECT_OBJC_ISA_USAGE = YES_ERROR;
				CLANG_WARN_DOCUMENTATION_COMMENTS = YES;
				CLANG_WARN_EMPTY_BODY = YES;
				CLANG_WARN_ENUM_CONVERSION = YES;
				CLANG_WARN_INFINITE_RECURSION = YES;
				CLANG_WARN_INT_CONVERSION = YES;
				CLANG_WARN_NON_LITERAL_NULL_CONVERSION = YES;
				CLANG_WARN_OBJC_IMPLICIT_RETAIN_SELF = YES;
				CLANG_WARN_OBJC_LITERAL_CONVERSION = YES;
				CLANG_WARN_OBJC_ROOT_CLASS = YES_ERROR;
				CLANG_WARN_QUOTED_INCLUDE_IN_FRAMEWORK_HEADER = YES;
				CLANG_WARN_RANGE_LOOP_ANALYSIS = YES;
				CLANG_WARN_STRICT_PROTOTYPES = YES;
				CLANG_WARN_SUSPICIOUS_MOVE = YES;
				CLANG_WARN_UNGUARDED_AVAILABILITY = YES_AGGRESSIVE;
				CLANG_WARN_UNREACHABLE_CODE = YES;
				CLANG_WARN__DUPLICATE_METHOD_MATCH = YES;
				COPY_PHASE_STRIP = NO;
				DEBUG_INFORMATION_FORMAT = "dwarf-with-dsym";
				ENABLE_NS_ASSERTIONS = NO;
				ENABLE_STRICT_OBJC_MSGSEND = YES;
				GCC_C_LANGUAGE_STANDARD = gnu11;
				GCC_NO_COMMON_BLOCKS = YES;
				GCC_WARN_64_TO_32_BIT_CONVERSION = YES;
				GCC_WARN_ABOUT_RETURN_TYPE = YES_ERROR;
				GCC_WARN_UNDECLARED_SELECTOR = YES;
				GCC_WARN_UNINITIALIZED_AUTOS = YES_AGGRESSIVE;
				GCC_WARN_UNUSED_FUNCTION = YES;
				GCC_WARN_UNUSED_VARIABLE = YES;
				IPHONEOS_DEPLOYMENT_TARGET = 14.3;
				MTL_ENABLE_DEBUG_INFO = NO;
				MTL_FAST_MATH = YES;
				SDKROOT = iphoneos;
				SWIFT_COMPILATION_MODE = wholemodule;
				SWIFT_OPTIMIZATION_LEVEL = "-O";
				VALIDATE_PRODUCT = YES;
			};
			name = Release;
		};
		40A0FEE22604F244005819E0 /* Debug */ = {
			isa = XCBuildConfiguration;
			baseConfigurationReference = 04EF65B3A4E5EBC7922250C7 /* Pods-PetsNPals.debug.xcconfig */;
			buildSettings = {
				ASSETCATALOG_COMPILER_APPICON_NAME = AppIcon;
				ASSETCATALOG_COMPILER_GLOBAL_ACCENT_COLOR_NAME = AccentColor;
				CLANG_ENABLE_MODULES = YES;
				CODE_SIGN_STYLE = Automatic;
				INFOPLIST_FILE = PetsNPals/Info.plist;
				LD_RUNPATH_SEARCH_PATHS = (
					"$(inherited)",
					"@executable_path/Frameworks",
				);
				PRODUCT_BUNDLE_IDENTIFIER = ca.team20.PetsNPals;
				PRODUCT_NAME = "$(TARGET_NAME)";
				SWIFT_OBJC_BRIDGING_HEADER = "PetsNPals/Helper/FMDB/PetsNPals-Bridging-Header.h";
				SWIFT_OPTIMIZATION_LEVEL = "-Onone";
				SWIFT_VERSION = 5.0;
				TARGETED_DEVICE_FAMILY = 1;
			};
			name = Debug;
		};
		40A0FEE32604F244005819E0 /* Release */ = {
			isa = XCBuildConfiguration;
			baseConfigurationReference = ED4AE3BCF91C2315AD7AD1EC /* Pods-PetsNPals.release.xcconfig */;
			buildSettings = {
				ASSETCATALOG_COMPILER_APPICON_NAME = AppIcon;
				ASSETCATALOG_COMPILER_GLOBAL_ACCENT_COLOR_NAME = AccentColor;
				CLANG_ENABLE_MODULES = YES;
				CODE_SIGN_STYLE = Automatic;
				INFOPLIST_FILE = PetsNPals/Info.plist;
				LD_RUNPATH_SEARCH_PATHS = (
					"$(inherited)",
					"@executable_path/Frameworks",
				);
				PRODUCT_BUNDLE_IDENTIFIER = ca.team20.PetsNPals;
				PRODUCT_NAME = "$(TARGET_NAME)";
				SWIFT_OBJC_BRIDGING_HEADER = "PetsNPals/Helper/FMDB/PetsNPals-Bridging-Header.h";
				SWIFT_VERSION = 5.0;
				TARGETED_DEVICE_FAMILY = 1;
			};
			name = Release;
		};
		40A0FEE52604F244005819E0 /* Debug */ = {
			isa = XCBuildConfiguration;
			baseConfigurationReference = 0A135C761B9A89AB00590126 /* Pods-PetsNPalsTests.debug.xcconfig */;
			buildSettings = {
				ALWAYS_EMBED_SWIFT_STANDARD_LIBRARIES = YES;
				BUNDLE_LOADER = "$(TEST_HOST)";
				CODE_SIGN_STYLE = Automatic;
				INFOPLIST_FILE = PetsNPalsTests/Info.plist;
				IPHONEOS_DEPLOYMENT_TARGET = 14.3;
				LD_RUNPATH_SEARCH_PATHS = (
					"$(inherited)",
					"@executable_path/Frameworks",
					"@loader_path/Frameworks",
				);
				PRODUCT_BUNDLE_IDENTIFIER = ca.team20.PetsNPalsTests;
				PRODUCT_NAME = "$(TARGET_NAME)";
				SWIFT_VERSION = 5.0;
				TARGETED_DEVICE_FAMILY = "1,2";
				TEST_HOST = "$(BUILT_PRODUCTS_DIR)/PetsNPals.app/PetsNPals";
			};
			name = Debug;
		};
		40A0FEE62604F244005819E0 /* Release */ = {
			isa = XCBuildConfiguration;
			baseConfigurationReference = 89DF84C4988B4954F0DF25DF /* Pods-PetsNPalsTests.release.xcconfig */;
			buildSettings = {
				ALWAYS_EMBED_SWIFT_STANDARD_LIBRARIES = YES;
				BUNDLE_LOADER = "$(TEST_HOST)";
				CODE_SIGN_STYLE = Automatic;
				INFOPLIST_FILE = PetsNPalsTests/Info.plist;
				IPHONEOS_DEPLOYMENT_TARGET = 14.3;
				LD_RUNPATH_SEARCH_PATHS = (
					"$(inherited)",
					"@executable_path/Frameworks",
					"@loader_path/Frameworks",
				);
				PRODUCT_BUNDLE_IDENTIFIER = ca.team20.PetsNPalsTests;
				PRODUCT_NAME = "$(TARGET_NAME)";
				SWIFT_VERSION = 5.0;
				TARGETED_DEVICE_FAMILY = "1,2";
				TEST_HOST = "$(BUILT_PRODUCTS_DIR)/PetsNPals.app/PetsNPals";
			};
			name = Release;
		};
		40A0FEE82604F244005819E0 /* Debug */ = {
			isa = XCBuildConfiguration;
			baseConfigurationReference = C59D12C25E310849715473EF /* Pods-PetsNPals-PetsNPalsUITests.debug.xcconfig */;
			buildSettings = {
				ALWAYS_EMBED_SWIFT_STANDARD_LIBRARIES = YES;
				CODE_SIGN_STYLE = Automatic;
				INFOPLIST_FILE = PetsNPalsUITests/Info.plist;
				LD_RUNPATH_SEARCH_PATHS = (
					"$(inherited)",
					"@executable_path/Frameworks",
					"@loader_path/Frameworks",
				);
				PRODUCT_BUNDLE_IDENTIFIER = ca.team20.PetsNPalsUITests;
				PRODUCT_NAME = "$(TARGET_NAME)";
				SWIFT_VERSION = 5.0;
				TARGETED_DEVICE_FAMILY = "1,2";
				TEST_TARGET_NAME = PetsNPals;
			};
			name = Debug;
		};
		40A0FEE92604F244005819E0 /* Release */ = {
			isa = XCBuildConfiguration;
			baseConfigurationReference = D7986834A7483D660CED04E1 /* Pods-PetsNPals-PetsNPalsUITests.release.xcconfig */;
			buildSettings = {
				ALWAYS_EMBED_SWIFT_STANDARD_LIBRARIES = YES;
				CODE_SIGN_STYLE = Automatic;
				INFOPLIST_FILE = PetsNPalsUITests/Info.plist;
				LD_RUNPATH_SEARCH_PATHS = (
					"$(inherited)",
					"@executable_path/Frameworks",
					"@loader_path/Frameworks",
				);
				PRODUCT_BUNDLE_IDENTIFIER = ca.team20.PetsNPalsUITests;
				PRODUCT_NAME = "$(TARGET_NAME)";
				SWIFT_VERSION = 5.0;
				TARGETED_DEVICE_FAMILY = "1,2";
				TEST_TARGET_NAME = PetsNPals;
			};
			name = Release;
		};
/* End XCBuildConfiguration section */

/* Begin XCConfigurationList section */
		40A0FEB22604F23F005819E0 /* Build configuration list for PBXProject "PetsNPals" */ = {
			isa = XCConfigurationList;
			buildConfigurations = (
				40A0FEDF2604F244005819E0 /* Debug */,
				40A0FEE02604F244005819E0 /* Release */,
			);
			defaultConfigurationIsVisible = 0;
			defaultConfigurationName = Release;
		};
		40A0FEE12604F244005819E0 /* Build configuration list for PBXNativeTarget "PetsNPals" */ = {
			isa = XCConfigurationList;
			buildConfigurations = (
				40A0FEE22604F244005819E0 /* Debug */,
				40A0FEE32604F244005819E0 /* Release */,
			);
			defaultConfigurationIsVisible = 0;
			defaultConfigurationName = Release;
		};
		40A0FEE42604F244005819E0 /* Build configuration list for PBXNativeTarget "PetsNPalsTests" */ = {
			isa = XCConfigurationList;
			buildConfigurations = (
				40A0FEE52604F244005819E0 /* Debug */,
				40A0FEE62604F244005819E0 /* Release */,
			);
			defaultConfigurationIsVisible = 0;
			defaultConfigurationName = Release;
		};
		40A0FEE72604F244005819E0 /* Build configuration list for PBXNativeTarget "PetsNPalsUITests" */ = {
			isa = XCConfigurationList;
			buildConfigurations = (
				40A0FEE82604F244005819E0 /* Debug */,
				40A0FEE92604F244005819E0 /* Release */,
			);
			defaultConfigurationIsVisible = 0;
			defaultConfigurationName = Release;
		};
/* End XCConfigurationList section */
	};
	rootObject = 40A0FEAF2604F23F005819E0 /* Project object */;
}
