// !$*UTF8*$!
{
	archiveVersion = 1;
	classes = {
	};
	objectVersion = 50;
	objects = {

/* Begin PBXBuildFile section */
		40A0FEBB2604F240005819E0 /* AppDelegate.swift in Sources */ = {isa = PBXBuildFile; fileRef = 40A0FEBA2604F240005819E0 /* AppDelegate.swift */; };
		40A0FEBD2604F240005819E0 /* SceneDelegate.swift in Sources */ = {isa = PBXBuildFile; fileRef = 40A0FEBC2604F240005819E0 /* SceneDelegate.swift */; };
		40A0FEBF2604F240005819E0 /* ViewController.swift in Sources */ = {isa = PBXBuildFile; fileRef = 40A0FEBE2604F240005819E0 /* ViewController.swift */; };
		40A0FEC22604F240005819E0 /* Main.storyboard in Resources */ = {isa = PBXBuildFile; fileRef = 40A0FEC02604F240005819E0 /* Main.storyboard */; };
		40A0FEC42604F244005819E0 /* Assets.xcassets in Resources */ = {isa = PBXBuildFile; fileRef = 40A0FEC32604F244005819E0 /* Assets.xcassets */; };
		40A0FEC72604F244005819E0 /* LaunchScreen.storyboard in Resources */ = {isa = PBXBuildFile; fileRef = 40A0FEC52604F244005819E0 /* LaunchScreen.storyboard */; };
		40A0FED22604F244005819E0 /* PetsNPalsTests.swift in Sources */ = {isa = PBXBuildFile; fileRef = 40A0FED12604F244005819E0 /* PetsNPalsTests.swift */; };
		40A0FEDD2604F244005819E0 /* PetsNPalsUITests.swift in Sources */ = {isa = PBXBuildFile; fileRef = 40A0FEDC2604F244005819E0 /* PetsNPalsUITests.swift */; };
/* End PBXBuildFile section */

/* Begin PBXContainerItemProxy section */
		40A0FECE2604F244005819E0 /* PBXContainerItemProxy */ = {
			isa = PBXContainerItemProxy;
			containerPortal = 40A0FEAF2604F23F005819E0 /* Project object */;
			proxyType = 1;
			remoteGlobalIDString = 40A0FEB62604F240005819E0;
			remoteInfo = PetsNPals;
		};
		40A0FED92604F244005819E0 /* PBXContainerItemProxy */ = {
			isa = PBXContainerItemProxy;
			containerPortal = 40A0FEAF2604F23F005819E0 /* Project object */;
			proxyType = 1;
			remoteGlobalIDString = 40A0FEB62604F240005819E0;
			remoteInfo = PetsNPals;
		};
/* End PBXContainerItemProxy section */

/* Begin PBXFileReference section */
		40A0FEB72604F240005819E0 /* PetsNPals.app */ = {isa = PBXFileReference; explicitFileType = wrapper.application; includeInIndex = 0; path = PetsNPals.app; sourceTree = BUILT_PRODUCTS_DIR; };
		40A0FEBA2604F240005819E0 /* AppDelegate.swift */ = {isa = PBXFileReference; lastKnownFileType = sourcecode.swift; path = AppDelegate.swift; sourceTree = "<group>"; };
		40A0FEBC2604F240005819E0 /* SceneDelegate.swift */ = {isa = PBXFileReference; lastKnownFileType = sourcecode.swift; path = SceneDelegate.swift; sourceTree = "<group>"; };
		40A0FEBE2604F240005819E0 /* ViewController.swift */ = {isa = PBXFileReference; lastKnownFileType = sourcecode.swift; path = ViewController.swift; sourceTree = "<group>"; };
		40A0FEC12604F240005819E0 /* Base */ = {isa = PBXFileReference; lastKnownFileType = file.storyboard; name = Base; path = Base.lproj/Main.storyboard; sourceTree = "<group>"; };
		40A0FEC32604F244005819E0 /* Assets.xcassets */ = {isa = PBXFileReference; lastKnownFileType = folder.assetcatalog; path = Assets.xcassets; sourceTree = "<group>"; };
		40A0FEC62604F244005819E0 /* Base */ = {isa = PBXFileReference; lastKnownFileType = file.storyboard; name = Base; path = Base.lproj/LaunchScreen.storyboard; sourceTree = "<group>"; };
		40A0FEC82604F244005819E0 /* Info.plist */ = {isa = PBXFileReference; lastKnownFileType = text.plist.xml; path = Info.plist; sourceTree = "<group>"; };
		40A0FECD2604F244005819E0 /* PetsNPalsTests.xctest */ = {isa = PBXFileReference; explicitFileType = wrapper.cfbundle; includeInIndex = 0; path = PetsNPalsTests.xctest; sourceTree = BUILT_PRODUCTS_DIR; };
		40A0FED12604F244005819E0 /* PetsNPalsTests.swift */ = {isa = PBXFileReference; lastKnownFileType = sourcecode.swift; path = PetsNPalsTests.swift; sourceTree = "<group>"; };
		40A0FED32604F244005819E0 /* Info.plist */ = {isa = PBXFileReference; lastKnownFileType = text.plist.xml; path = Info.plist; sourceTree = "<group>"; };
		40A0FED82604F244005819E0 /* PetsNPalsUITests.xctest */ = {isa = PBXFileReference; explicitFileType = wrapper.cfbundle; includeInIndex = 0; path = PetsNPalsUITests.xctest; sourceTree = BUILT_PRODUCTS_DIR; };
		40A0FEDC2604F244005819E0 /* PetsNPalsUITests.swift */ = {isa = PBXFileReference; lastKnownFileType = sourcecode.swift; path = PetsNPalsUITests.swift; sourceTree = "<group>"; };
		40A0FEDE2604F244005819E0 /* Info.plist */ = {isa = PBXFileReference; lastKnownFileType = text.plist.xml; path = Info.plist; sourceTree = "<group>"; };
/* End PBXFileReference section */

/* Begin PBXFrameworksBuildPhase section */
		40A0FEB42604F240005819E0 /* Frameworks */ = {
			isa = PBXFrameworksBuildPhase;
			buildActionMask = 2147483647;
			files = (
			);
			runOnlyForDeploymentPostprocessing = 0;
		};
		40A0FECA2604F244005819E0 /* Frameworks */ = {
			isa = PBXFrameworksBuildPhase;
			buildActionMask = 2147483647;
			files = (
			);
			runOnlyForDeploymentPostprocessing = 0;
		};
		40A0FED52604F244005819E0 /* Frameworks */ = {
			isa = PBXFrameworksBuildPhase;
			buildActionMask = 2147483647;
			files = (
			);
			runOnlyForDeploymentPostprocessing = 0;
		};
/* End PBXFrameworksBuildPhase section */

/* Begin PBXGroup section */
		40A0FEAE2604F23F005819E0 = {
			isa = PBXGroup;
			children = (
				40A0FEB92604F240005819E0 /* PetsNPals */,
				40A0FED02604F244005819E0 /* PetsNPalsTests */,
				40A0FEDB2604F244005819E0 /* PetsNPalsUITests */,
				40A0FEB82604F240005819E0 /* Products */,
			);
			sourceTree = "<group>";
		};
		40A0FEB82604F240005819E0 /* Products */ = {
			isa = PBXGroup;
			children = (
				40A0FEB72604F240005819E0 /* PetsNPals.app */,
				40A0FECD2604F244005819E0 /* PetsNPalsTests.xctest */,
				40A0FED82604F244005819E0 /* PetsNPalsUITests.xctest */,
			);
			name = Products;
			sourceTree = "<group>";
		};
		40A0FEB92604F240005819E0 /* PetsNPals */ = {
			isa = PBXGroup;
			children = (
				40A0FEBA2604F240005819E0 /* AppDelegate.swift */,
				40A0FEBC2604F240005819E0 /* SceneDelegate.swift */,
				40A0FEBE2604F240005819E0 /* ViewController.swift */,
				40A0FEC02604F240005819E0 /* Main.storyboard */,
				40A0FEC32604F244005819E0 /* Assets.xcassets */,
				40A0FEC52604F244005819E0 /* LaunchScreen.storyboard */,
				40A0FEC82604F244005819E0 /* Info.plist */,
			);
			path = PetsNPals;
			sourceTree = "<group>";
		};
		40A0FED02604F244005819E0 /* PetsNPalsTests */ = {
			isa = PBXGroup;
			children = (
				40A0FED12604F244005819E0 /* PetsNPalsTests.swift */,
				40A0FED32604F244005819E0 /* Info.plist */,
			);
			path = PetsNPalsTests;
			sourceTree = "<group>";
		};
		40A0FEDB2604F244005819E0 /* PetsNPalsUITests */ = {
			isa = PBXGroup;
			children = (
				40A0FEDC2604F244005819E0 /* PetsNPalsUITests.swift */,
				40A0FEDE2604F244005819E0 /* Info.plist */,
			);
			path = PetsNPalsUITests;
			sourceTree = "<group>";
		};
/* End PBXGroup section */

/* Begin PBXNativeTarget section */
		40A0FEB62604F240005819E0 /* PetsNPals */ = {
			isa = PBXNativeTarget;
			buildConfigurationList = 40A0FEE12604F244005819E0 /* Build configuration list for PBXNativeTarget "PetsNPals" */;
			buildPhases = (
				40A0FEB32604F240005819E0 /* Sources */,
				40A0FEB42604F240005819E0 /* Frameworks */,
				40A0FEB52604F240005819E0 /* Resources */,
			);
			buildRules = (
			);
			dependencies = (
			);
			name = PetsNPals;
			productName = PetsNPals;
			productReference = 40A0FEB72604F240005819E0 /* PetsNPals.app */;
			productType = "com.apple.product-type.application";
		};
		40A0FECC2604F244005819E0 /* PetsNPalsTests */ = {
			isa = PBXNativeTarget;
			buildConfigurationList = 40A0FEE42604F244005819E0 /* Build configuration list for PBXNativeTarget "PetsNPalsTests" */;
			buildPhases = (
				40A0FEC92604F244005819E0 /* Sources */,
				40A0FECA2604F244005819E0 /* Frameworks */,
				40A0FECB2604F244005819E0 /* Resources */,
			);
			buildRules = (
			);
			dependencies = (
				40A0FECF2604F244005819E0 /* PBXTargetDependency */,
			);
			name = PetsNPalsTests;
			productName = PetsNPalsTests;
			productReference = 40A0FECD2604F244005819E0 /* PetsNPalsTests.xctest */;
			productType = "com.apple.product-type.bundle.unit-test";
		};
		40A0FED72604F244005819E0 /* PetsNPalsUITests */ = {
			isa = PBXNativeTarget;
			buildConfigurationList = 40A0FEE72604F244005819E0 /* Build configuration list for PBXNativeTarget "PetsNPalsUITests" */;
			buildPhases = (
				40A0FED42604F244005819E0 /* Sources */,
				40A0FED52604F244005819E0 /* Frameworks */,
				40A0FED62604F244005819E0 /* Resources */,
			);
			buildRules = (
			);
			dependencies = (
				40A0FEDA2604F244005819E0 /* PBXTargetDependency */,
			);
			name = PetsNPalsUITests;
			productName = PetsNPalsUITests;
			productReference = 40A0FED82604F244005819E0 /* PetsNPalsUITests.xctest */;
			productType = "com.apple.product-type.bundle.ui-testing";
		};
/* End PBXNativeTarget section */

/* Begin PBXProject section */
		40A0FEAF2604F23F005819E0 /* Project object */ = {
			isa = PBXProject;
			attributes = {
				LastSwiftUpdateCheck = 1230;
				LastUpgradeCheck = 1230;
				TargetAttributes = {
					40A0FEB62604F240005819E0 = {
						CreatedOnToolsVersion = 12.3;
					};
					40A0FECC2604F244005819E0 = {
						CreatedOnToolsVersion = 12.3;
						TestTargetID = 40A0FEB62604F240005819E0;
					};
					40A0FED72604F244005819E0 = {
						CreatedOnToolsVersion = 12.3;
						TestTargetID = 40A0FEB62604F240005819E0;
					};
				};
			};
			buildConfigurationList = 40A0FEB22604F23F005819E0 /* Build configuration list for PBXProject "PetsNPals" */;
			compatibilityVersion = "Xcode 9.3";
			developmentRegion = en;
			hasScannedForEncodings = 0;
			knownRegions = (
				en,
				Base,
			);
			mainGroup = 40A0FEAE2604F23F005819E0;
			productRefGroup = 40A0FEB82604F240005819E0 /* Products */;
			projectDirPath = "";
			projectRoot = "";
			targets = (
				40A0FEB62604F240005819E0 /* PetsNPals */,
				40A0FECC2604F244005819E0 /* PetsNPalsTests */,
				40A0FED72604F244005819E0 /* PetsNPalsUITests */,
			);
		};
/* End PBXProject section */

/* Begin PBXResourcesBuildPhase section */
		40A0FEB52604F240005819E0 /* Resources */ = {
			isa = PBXResourcesBuildPhase;
			buildActionMask = 2147483647;
			files = (
				40A0FEC72604F244005819E0 /* LaunchScreen.storyboard in Resources */,
				40A0FEC42604F244005819E0 /* Assets.xcassets in Resources */,
				40A0FEC22604F240005819E0 /* Main.storyboard in Resources */,
			);
			runOnlyForDeploymentPostprocessing = 0;
		};
		40A0FECB2604F244005819E0 /* Resources */ = {
			isa = PBXResourcesBuildPhase;
			buildActionMask = 2147483647;
			files = (
			);
			runOnlyForDeploymentPostprocessing = 0;
		};
		40A0FED62604F244005819E0 /* Resources */ = {
			isa = PBXResourcesBuildPhase;
			buildActionMask = 2147483647;
			files = (
			);
			runOnlyForDeploymentPostprocessing = 0;
		};
/* End PBXResourcesBuildPhase section */

/* Begin PBXSourcesBuildPhase section */
		40A0FEB32604F240005819E0 /* Sources */ = {
			isa = PBXSourcesBuildPhase;
			buildActionMask = 2147483647;
			files = (
				40A0FEBF2604F240005819E0 /* ViewController.swift in Sources */,
				40A0FEBB2604F240005819E0 /* AppDelegate.swift in Sources */,
				40A0FEBD2604F240005819E0 /* SceneDelegate.swift in Sources */,
			);
			runOnlyForDeploymentPostprocessing = 0;
		};
		40A0FEC92604F244005819E0 /* Sources */ = {
			isa = PBXSourcesBuildPhase;
			buildActionMask = 2147483647;
			files = (
				40A0FED22604F244005819E0 /* PetsNPalsTests.swift in Sources */,
			);
			runOnlyForDeploymentPostprocessing = 0;
		};
		40A0FED42604F244005819E0 /* Sources */ = {
			isa = PBXSourcesBuildPhase;
			buildActionMask = 2147483647;
			files = (
				40A0FEDD2604F244005819E0 /* PetsNPalsUITests.swift in Sources */,
			);
			runOnlyForDeploymentPostprocessing = 0;
		};
/* End PBXSourcesBuildPhase section */

/* Begin PBXTargetDependency section */
		40A0FECF2604F244005819E0 /* PBXTargetDependency */ = {
			isa = PBXTargetDependency;
			target = 40A0FEB62604F240005819E0 /* PetsNPals */;
			targetProxy = 40A0FECE2604F244005819E0 /* PBXContainerItemProxy */;
		};
		40A0FEDA2604F244005819E0 /* PBXTargetDependency */ = {
			isa = PBXTargetDependency;
			target = 40A0FEB62604F240005819E0 /* PetsNPals */;
			targetProxy = 40A0FED92604F244005819E0 /* PBXContainerItemProxy */;
		};
/* End PBXTargetDependency section */

/* Begin PBXVariantGroup section */
		40A0FEC02604F240005819E0 /* Main.storyboard */ = {
			isa = PBXVariantGroup;
			children = (
				40A0FEC12604F240005819E0 /* Base */,
			);
			name = Main.storyboard;
			sourceTree = "<group>";
		};
		40A0FEC52604F244005819E0 /* LaunchScreen.storyboard */ = {
			isa = PBXVariantGroup;
			children = (
				40A0FEC62604F244005819E0 /* Base */,
			);
			name = LaunchScreen.storyboard;
			sourceTree = "<group>";
		};
/* End PBXVariantGroup section */

/* Begin XCBuildConfiguration section */
		40A0FEDF2604F244005819E0 /* Debug */ = {
			isa = XCBuildConfiguration;
			buildSettings = {
				ALWAYS_SEARCH_USER_PATHS = NO;
				CLANG_ANALYZER_NONNULL = YES;
				CLANG_ANALYZER_NUMBER_OBJECT_CONVERSION = YES_AGGRESSIVE;
				CLANG_CXX_LANGUAGE_STANDARD = "gnu++14";
				CLANG_CXX_LIBRARY = "libc++";
				CLANG_ENABLE_MODULES = YES;
				CLANG_ENABLE_OBJC_ARC = YES;
				CLANG_ENABLE_OBJC_WEAK = YES;
				CLANG_WARN_BLOCK_CAPTURE_AUTORELEASING = YES;
				CLANG_WARN_BOOL_CONVERSION = YES;
				CLANG_WARN_COMMA = YES;
				CLANG_WARN_CONSTANT_CONVERSION = YES;
				CLANG_WARN_DEPRECATED_OBJC_IMPLEMENTATIONS = YES;
				CLANG_WARN_DIRECT_OBJC_ISA_USAGE = YES_ERROR;
				CLANG_WARN_DOCUMENTATION_COMMENTS = YES;
				CLANG_WARN_EMPTY_BODY = YES;
				CLANG_WARN_ENUM_CONVERSION = YES;
				CLANG_WARN_INFINITE_RECURSION = YES;
				CLANG_WARN_INT_CONVERSION = YES;
				CLANG_WARN_NON_LITERAL_NULL_CONVERSION = YES;
				CLANG_WARN_OBJC_IMPLICIT_RETAIN_SELF = YES;
				CLANG_WARN_OBJC_LITERAL_CONVERSION = YES;
				CLANG_WARN_OBJC_ROOT_CLASS = YES_ERROR;
				CLANG_WARN_QUOTED_INCLUDE_IN_FRAMEWORK_HEADER = YES;
				CLANG_WARN_RANGE_LOOP_ANALYSIS = YES;
				CLANG_WARN_STRICT_PROTOTYPES = YES;
				CLANG_WARN_SUSPICIOUS_MOVE = YES;
				CLANG_WARN_UNGUARDED_AVAILABILITY = YES_AGGRESSIVE;
				CLANG_WARN_UNREACHABLE_CODE = YES;
				CLANG_WARN__DUPLICATE_METHOD_MATCH = YES;
				COPY_PHASE_STRIP = NO;
				DEBUG_INFORMATION_FORMAT = dwarf;
				ENABLE_STRICT_OBJC_MSGSEND = YES;
				ENABLE_TESTABILITY = YES;
				GCC_C_LANGUAGE_STANDARD = gnu11;
				GCC_DYNAMIC_NO_PIC = NO;
				GCC_NO_COMMON_BLOCKS = YES;
				GCC_OPTIMIZATION_LEVEL = 0;
				GCC_PREPROCESSOR_DEFINITIONS = (
					"DEBUG=1",
					"$(inherited)",
				);
				GCC_WARN_64_TO_32_BIT_CONVERSION = YES;
				GCC_WARN_ABOUT_RETURN_TYPE = YES_ERROR;
				GCC_WARN_UNDECLARED_SELECTOR = YES;
				GCC_WARN_UNINITIALIZED_AUTOS = YES_AGGRESSIVE;
				GCC_WARN_UNUSED_FUNCTION = YES;
				GCC_WARN_UNUSED_VARIABLE = YES;
				IPHONEOS_DEPLOYMENT_TARGET = 14.3;
				MTL_ENABLE_DEBUG_INFO = INCLUDE_SOURCE;
				MTL_FAST_MATH = YES;
				ONLY_ACTIVE_ARCH = YES;
				SDKROOT = iphoneos;
				SWIFT_ACTIVE_COMPILATION_CONDITIONS = DEBUG;
				SWIFT_OPTIMIZATION_LEVEL = "-Onone";
			};
			name = Debug;
		};
		40A0FEE02604F244005819E0 /* Release */ = {
			isa = XCBuildConfiguration;
			buildSettings = {
				ALWAYS_SEARCH_USER_PATHS = NO;
				CLANG_ANALYZER_NONNULL = YES;
				CLANG_ANALYZER_NUMBER_OBJECT_CONVERSION = YES_AGGRESSIVE;
				CLANG_CXX_LANGUAGE_STANDARD = "gnu++14";
				CLANG_CXX_LIBRARY = "libc++";
				CLANG_ENABLE_MODULES = YES;
				CLANG_ENABLE_OBJC_ARC = YES;
				CLANG_ENABLE_OBJC_WEAK = YES;
				CLANG_WARN_BLOCK_CAPTURE_AUTORELEASING = YES;
				CLANG_WARN_BOOL_CONVERSION = YES;
				CLANG_WARN_COMMA = YES;
				CLANG_WARN_CONSTANT_CONVERSION = YES;
				CLANG_WARN_DEPRECATED_OBJC_IMPLEMENTATIONS = YES;
				CLANG_WARN_DIRECT_OBJC_ISA_USAGE = YES_ERROR;
				CLANG_WARN_DOCUMENTATION_COMMENTS = YES;
				CLANG_WARN_EMPTY_BODY = YES;
				CLANG_WARN_ENUM_CONVERSION = YES;
				CLANG_WARN_INFINITE_RECURSION = YES;
				CLANG_WARN_INT_CONVERSION = YES;
				CLANG_WARN_NON_LITERAL_NULL_CONVERSION = YES;
				CLANG_WARN_OBJC_IMPLICIT_RETAIN_SELF = YES;
				CLANG_WARN_OBJC_LITERAL_CONVERSION = YES;
				CLANG_WARN_OBJC_ROOT_CLASS = YES_ERROR;
				CLANG_WARN_QUOTED_INCLUDE_IN_FRAMEWORK_HEADER = YES;
				CLANG_WARN_RANGE_LOOP_ANALYSIS = YES;
				CLANG_WARN_STRICT_PROTOTYPES = YES;
				CLANG_WARN_SUSPICIOUS_MOVE = YES;
				CLANG_WARN_UNGUARDED_AVAILABILITY = YES_AGGRESSIVE;
				CLANG_WARN_UNREACHABLE_CODE = YES;
				CLANG_WARN__DUPLICATE_METHOD_MATCH = YES;
				COPY_PHASE_STRIP = NO;
				DEBUG_INFORMATION_FORMAT = "dwarf-with-dsym";
				ENABLE_NS_ASSERTIONS = NO;
				ENABLE_STRICT_OBJC_MSGSEND = YES;
				GCC_C_LANGUAGE_STANDARD = gnu11;
				GCC_NO_COMMON_BLOCKS = YES;
				GCC_WARN_64_TO_32_BIT_CONVERSION = YES;
				GCC_WARN_ABOUT_RETURN_TYPE = YES_ERROR;
				GCC_WARN_UNDECLARED_SELECTOR = YES;
				GCC_WARN_UNINITIALIZED_AUTOS = YES_AGGRESSIVE;
				GCC_WARN_UNUSED_FUNCTION = YES;
				GCC_WARN_UNUSED_VARIABLE = YES;
				IPHONEOS_DEPLOYMENT_TARGET = 14.3;
				MTL_ENABLE_DEBUG_INFO = NO;
				MTL_FAST_MATH = YES;
				SDKROOT = iphoneos;
				SWIFT_COMPILATION_MODE = wholemodule;
				SWIFT_OPTIMIZATION_LEVEL = "-O";
				VALIDATE_PRODUCT = YES;
			};
			name = Release;
		};
		40A0FEE22604F244005819E0 /* Debug */ = {
			isa = XCBuildConfiguration;
			buildSettings = {
				ASSETCATALOG_COMPILER_APPICON_NAME = AppIcon;
				ASSETCATALOG_COMPILER_GLOBAL_ACCENT_COLOR_NAME = AccentColor;
				CODE_SIGN_STYLE = Automatic;
				INFOPLIST_FILE = PetsNPals/Info.plist;
				LD_RUNPATH_SEARCH_PATHS = (
					"$(inherited)",
					"@executable_path/Frameworks",
				);
				PRODUCT_BUNDLE_IDENTIFIER = ca.team20.PetsNPals;
				PRODUCT_NAME = "$(TARGET_NAME)";
				SWIFT_VERSION = 5.0;
				TARGETED_DEVICE_FAMILY = "1,2";
			};
			name = Debug;
		};
		40A0FEE32604F244005819E0 /* Release */ = {
			isa = XCBuildConfiguration;
			buildSettings = {
				ASSETCATALOG_COMPILER_APPICON_NAME = AppIcon;
				ASSETCATALOG_COMPILER_GLOBAL_ACCENT_COLOR_NAME = AccentColor;
				CODE_SIGN_STYLE = Automatic;
				INFOPLIST_FILE = PetsNPals/Info.plist;
				LD_RUNPATH_SEARCH_PATHS = (
					"$(inherited)",
					"@executable_path/Frameworks",
				);
				PRODUCT_BUNDLE_IDENTIFIER = ca.team20.PetsNPals;
				PRODUCT_NAME = "$(TARGET_NAME)";
				SWIFT_VERSION = 5.0;
				TARGETED_DEVICE_FAMILY = "1,2";
			};
			name = Release;
		};
		40A0FEE52604F244005819E0 /* Debug */ = {
			isa = XCBuildConfiguration;
			buildSettings = {
				ALWAYS_EMBED_SWIFT_STANDARD_LIBRARIES = YES;
				BUNDLE_LOADER = "$(TEST_HOST)";
				CODE_SIGN_STYLE = Automatic;
				INFOPLIST_FILE = PetsNPalsTests/Info.plist;
				IPHONEOS_DEPLOYMENT_TARGET = 14.3;
				LD_RUNPATH_SEARCH_PATHS = (
					"$(inherited)",
					"@executable_path/Frameworks",
					"@loader_path/Frameworks",
				);
				PRODUCT_BUNDLE_IDENTIFIER = ca.team20.PetsNPalsTests;
				PRODUCT_NAME = "$(TARGET_NAME)";
				SWIFT_VERSION = 5.0;
				TARGETED_DEVICE_FAMILY = "1,2";
				TEST_HOST = "$(BUILT_PRODUCTS_DIR)/PetsNPals.app/PetsNPals";
			};
			name = Debug;
		};
		40A0FEE62604F244005819E0 /* Release */ = {
			isa = XCBuildConfiguration;
			buildSettings = {
				ALWAYS_EMBED_SWIFT_STANDARD_LIBRARIES = YES;
				BUNDLE_LOADER = "$(TEST_HOST)";
				CODE_SIGN_STYLE = Automatic;
				INFOPLIST_FILE = PetsNPalsTests/Info.plist;
				IPHONEOS_DEPLOYMENT_TARGET = 14.3;
				LD_RUNPATH_SEARCH_PATHS = (
					"$(inherited)",
					"@executable_path/Frameworks",
					"@loader_path/Frameworks",
				);
				PRODUCT_BUNDLE_IDENTIFIER = ca.team20.PetsNPalsTests;
				PRODUCT_NAME = "$(TARGET_NAME)";
				SWIFT_VERSION = 5.0;
				TARGETED_DEVICE_FAMILY = "1,2";
				TEST_HOST = "$(BUILT_PRODUCTS_DIR)/PetsNPals.app/PetsNPals";
			};
			name = Release;
		};
		40A0FEE82604F244005819E0 /* Debug */ = {
			isa = XCBuildConfiguration;
			buildSettings = {
				ALWAYS_EMBED_SWIFT_STANDARD_LIBRARIES = YES;
				CODE_SIGN_STYLE = Automatic;
				INFOPLIST_FILE = PetsNPalsUITests/Info.plist;
				LD_RUNPATH_SEARCH_PATHS = (
					"$(inherited)",
					"@executable_path/Frameworks",
					"@loader_path/Frameworks",
				);
				PRODUCT_BUNDLE_IDENTIFIER = ca.team20.PetsNPalsUITests;
				PRODUCT_NAME = "$(TARGET_NAME)";
				SWIFT_VERSION = 5.0;
				TARGETED_DEVICE_FAMILY = "1,2";
				TEST_TARGET_NAME = PetsNPals;
			};
			name = Debug;
		};
		40A0FEE92604F244005819E0 /* Release */ = {
			isa = XCBuildConfiguration;
			buildSettings = {
				ALWAYS_EMBED_SWIFT_STANDARD_LIBRARIES = YES;
				CODE_SIGN_STYLE = Automatic;
				INFOPLIST_FILE = PetsNPalsUITests/Info.plist;
				LD_RUNPATH_SEARCH_PATHS = (
					"$(inherited)",
					"@executable_path/Frameworks",
					"@loader_path/Frameworks",
				);
				PRODUCT_BUNDLE_IDENTIFIER = ca.team20.PetsNPalsUITests;
				PRODUCT_NAME = "$(TARGET_NAME)";
				SWIFT_VERSION = 5.0;
				TARGETED_DEVICE_FAMILY = "1,2";
				TEST_TARGET_NAME = PetsNPals;
			};
			name = Release;
		};
/* End XCBuildConfiguration section */

/* Begin XCConfigurationList section */
		40A0FEB22604F23F005819E0 /* Build configuration list for PBXProject "PetsNPals" */ = {
			isa = XCConfigurationList;
			buildConfigurations = (
				40A0FEDF2604F244005819E0 /* Debug */,
				40A0FEE02604F244005819E0 /* Release */,
			);
			defaultConfigurationIsVisible = 0;
			defaultConfigurationName = Release;
		};
		40A0FEE12604F244005819E0 /* Build configuration list for PBXNativeTarget "PetsNPals" */ = {
			isa = XCConfigurationList;
			buildConfigurations = (
				40A0FEE22604F244005819E0 /* Debug */,
				40A0FEE32604F244005819E0 /* Release */,
			);
			defaultConfigurationIsVisible = 0;
			defaultConfigurationName = Release;
		};
		40A0FEE42604F244005819E0 /* Build configuration list for PBXNativeTarget "PetsNPalsTests" */ = {
			isa = XCConfigurationList;
			buildConfigurations = (
				40A0FEE52604F244005819E0 /* Debug */,
				40A0FEE62604F244005819E0 /* Release */,
			);
			defaultConfigurationIsVisible = 0;
			defaultConfigurationName = Release;
		};
		40A0FEE72604F244005819E0 /* Build configuration list for PBXNativeTarget "PetsNPalsUITests" */ = {
			isa = XCConfigurationList;
			buildConfigurations = (
				40A0FEE82604F244005819E0 /* Debug */,
				40A0FEE92604F244005819E0 /* Release */,
			);
			defaultConfigurationIsVisible = 0;
			defaultConfigurationName = Release;
		};
/* End XCConfigurationList section */
	};
	rootObject = 40A0FEAF2604F23F005819E0 /* Project object */;
}
